// !$*UTF8*$!
{
	archiveVersion = 1;
	classes = {
	};
	objectVersion = 54;
	objects = {

/* Begin PBXBuildFile section */
		01A006D824F9BE6E4E1618CD /* PendingApprovalActivityAttributes.swift in Sources */ = {isa = PBXBuildFile; fileRef = 293A1D304532ECFF692D458B /* PendingApprovalActivityAttributes.swift */; };
		052FBCC9A5C97BCB062856D0 /* EdgeIdentityPlugin.swift in Sources */ = {isa = PBXBuildFile; fileRef = 5FFCB201673536578933EC0E /* EdgeIdentityPlugin.swift */; };
		0B16EF33CF8CB0CCE1E8F646 /* Foundation.framework in Frameworks */ = {isa = PBXBuildFile; fileRef = 418FF2E0F619FF82B97E8A5E /* Foundation.framework */; };
		1498D2341E8E89220040F4C2 /* GeneratedPluginRegistrant.m in Sources */ = {isa = PBXBuildFile; fileRef = 1498D2331E8E89220040F4C2 /* GeneratedPluginRegistrant.m */; };
		1DC7413FB2432E124D270D50 /* WidgetBridgePlugin.swift in Sources */ = {isa = PBXBuildFile; fileRef = 4AECB19E8928BAD573BEF2FD /* WidgetBridgePlugin.swift */; };
		2B1F9089E7E89896D0716DB2 /* GoogleService-Info.plist in Resources */ = {isa = PBXBuildFile; fileRef = D149057AE21A52CCF6F30439 /* GoogleService-Info.plist */; };
		331C808B294A63AB00263BE5 /* RunnerTests.swift in Sources */ = {isa = PBXBuildFile; fileRef = 331C807B294A618700263BE5 /* RunnerTests.swift */; };
		357E0A01121626BD60032519 /* HeartbeatStatusStore.swift in Sources */ = {isa = PBXBuildFile; fileRef = 6129DE6CAD59B231BA5725E5 /* HeartbeatStatusStore.swift */; };
		386D1251CF96BBCAE1461D3D /* HeartbeatView.swift in Sources */ = {isa = PBXBuildFile; fileRef = 50536064379DEE1951C55E48 /* HeartbeatView.swift */; };
		3AD0DA835FD1019E91797E58 /* NetClawWidgetExtension.appex in Embed Foundation Extensions */ = {isa = PBXBuildFile; fileRef = 86EB39563030D81600206946 /* NetClawWidgetExtension.appex */; settings = {ATTRIBUTES = (RemoveHeadersOnCopy, ); }; };
		3B3967161E833CAA004F5970 /* AppFrameworkInfo.plist in Resources */ = {isa = PBXBuildFile; fileRef = 3B3967151E833CAA004F5970 /* AppFrameworkInfo.plist */; };
		3E15D4296A60942354889A8B /* BorderHealthIntent.swift in Sources */ = {isa = PBXBuildFile; fileRef = F5BA25C202699C8E74D3AFEE /* BorderHealthIntent.swift */; };
		3EEE4A4394544DA06EA0A518 /* HeartbeatComplication.swift in Sources */ = {isa = PBXBuildFile; fileRef = 0A1A88681C289C2A4993574F /* HeartbeatComplication.swift */; };
		49BEAAEF69DD4D8F46C31214 /* LiveActivityBridge.swift in Sources */ = {isa = PBXBuildFile; fileRef = 13C1D53033EE4A7F78E8AA0E /* LiveActivityBridge.swift */; };
		4B6F293DE00320D61764400E /* WidgetDataStore.swift in Sources */ = {isa = PBXBuildFile; fileRef = 79320610823C4CAFA21FDA7F /* WidgetDataStore.swift */; };
		6885F8ED62073697CC18B3FB /* HeartbeatStatusStore.swift in Sources */ = {isa = PBXBuildFile; fileRef = 6129DE6CAD59B231BA5725E5 /* HeartbeatStatusStore.swift */; };
		68E0E9BA86F24C4C4E31AEA1 /* WatchComplication.appex in Embed Foundation Extensions */ = {isa = PBXBuildFile; fileRef = 273652801983689749C43897 /* WatchComplication.appex */; settings = {ATTRIBUTES = (RemoveHeadersOnCopy, ); }; };
		72DCBAEB43B3A7560EDF0F06 /* FeedView.swift in Sources */ = {isa = PBXBuildFile; fileRef = 899D52AD453861EA1A196A34 /* FeedView.swift */; };
		731902043F88E98C8A8BB692 /* PendingApprovalLiveActivityView.swift in Sources */ = {isa = PBXBuildFile; fileRef = 3AC49A097EA8223766C69C1B /* PendingApprovalLiveActivityView.swift */; };
		74858FAF1ED2DC5600515810 /* AppDelegate.swift in Sources */ = {isa = PBXBuildFile; fileRef = 74858FAE1ED2DC5600515810 /* AppDelegate.swift */; };
		75C848AFE4C85BA548D5F8F5 /* ApprovalActionIntent.swift in Sources */ = {isa = PBXBuildFile; fileRef = 0D5BF838B9249487BC350187 /* ApprovalActionIntent.swift */; };
		7884E8682EC3CC0700C636F2 /* SceneDelegate.swift in Sources */ = {isa = PBXBuildFile; fileRef = 7884E8672EC3CC0400C636F2 /* SceneDelegate.swift */; };
		78A318202AECB46A00862997 /* FlutterGeneratedPluginSwiftPackage in Frameworks */ = {isa = PBXBuildFile; productRef = 78A3181F2AECB46A00862997 /* FlutterGeneratedPluginSwiftPackage */; };
		86EB39583030D81600206946 /* WidgetKit.framework in Frameworks */ = {isa = PBXBuildFile; fileRef = 86EB39573030D81600206946 /* WidgetKit.framework */; };
		86EB395A3030D81600206946 /* SwiftUI.framework in Frameworks */ = {isa = PBXBuildFile; fileRef = 86EB39593030D81600206946 /* SwiftUI.framework */; };
		882EB2E4B8EB9C9ED1020343 /* NetClawShortcuts.swift in Sources */ = {isa = PBXBuildFile; fileRef = F04B93F17205A9083B13AF89 /* NetClawShortcuts.swift */; };
		8831D9AF2CB51ABC313C7499 /* PendingApprovalCountStore.swift in Sources */ = {isa = PBXBuildFile; fileRef = E137B241FFB29D7E76F2E771 /* PendingApprovalCountStore.swift */; };
		8FE94B2B99CAFE6CED9F69D9 /* PrivacyInfo.xcprivacy in Resources */ = {isa = PBXBuildFile; fileRef = 9A4437B88234FA5ED367E5BF /* PrivacyInfo.xcprivacy */; };
		97C146FC1CF9000F007C117D /* Main.storyboard in Resources */ = {isa = PBXBuildFile; fileRef = 97C146FA1CF9000F007C117D /* Main.storyboard */; };
		97C146FE1CF9000F007C117D /* Assets.xcassets in Resources */ = {isa = PBXBuildFile; fileRef = 97C146FD1CF9000F007C117D /* Assets.xcassets */; };
		97C147011CF9000F007C117D /* LaunchScreen.storyboard in Resources */ = {isa = PBXBuildFile; fileRef = 97C146FF1CF9000F007C117D /* LaunchScreen.storyboard */; };
		A07AA7B97E72AB6A8A72E95F /* AskBorderIntent.swift in Sources */ = {isa = PBXBuildFile; fileRef = 1E67DA4401E9F62317457618 /* AskBorderIntent.swift */; };
		A0F91D422CAE5A9A1262B105 /* ApprovalActionIntent.swift in Sources */ = {isa = PBXBuildFile; fileRef = 0D5BF838B9249487BC350187 /* ApprovalActionIntent.swift */; };
		A8E85D3836C0AFE112E6A607 /* WatchApp.app in Embed Watch Content */ = {isa = PBXBuildFile; fileRef = ECD3F5FECD3D095F16E19C7F /* WatchApp.app */; settings = {ATTRIBUTES = (RemoveHeadersOnCopy, ); }; };
		AA353EE7FFEBD393376659DD /* AskActivityAttributes.swift in Sources */ = {isa = PBXBuildFile; fileRef = E68984CC7D1A34114C776473 /* AskActivityAttributes.swift */; };
		AB6665C540181052E633EB50 /* WatchRelayPlugin.swift in Sources */ = {isa = PBXBuildFile; fileRef = 5F670FCA531F3F4E9726ABFE /* WatchRelayPlugin.swift */; };
		B47997F75C18DD99FE2DC6CA /* WatchRelayPluginTests.swift in Sources */ = {isa = PBXBuildFile; fileRef = F0D05F988A1C8236B7562997 /* WatchRelayPluginTests.swift */; };
		B78BDB52F47BF26E1157716A /* WatchAppApp.swift in Sources */ = {isa = PBXBuildFile; fileRef = 11ECA5A4B25A9137F9746B1C /* WatchAppApp.swift */; };
		BBF0FAD7CE203CDC4719099D /* X509SelfSigned.swift in Sources */ = {isa = PBXBuildFile; fileRef = 7892DD000E2EF1D894D34525 /* X509SelfSigned.swift */; };
		BBF8F66E96F04D37B501A16B /* WatchConnectivitySession.swift in Sources */ = {isa = PBXBuildFile; fileRef = FDF3354E3FFD03DF087537CA /* WatchConnectivitySession.swift */; };
		BDFC16DCD8624C1AD9CF9F47 /* ConnectionState.swift in Sources */ = {isa = PBXBuildFile; fileRef = C5CA80FAD41D194C2DB127AC /* ConnectionState.swift */; };
		C852674E15C39970C9A9678E /* LiveActivityWidget.appex in Embed Foundation Extensions */ = {isa = PBXBuildFile; fileRef = E1BC7434D4DA5543407FE3CD /* LiveActivityWidget.appex */; settings = {ATTRIBUTES = (RemoveHeadersOnCopy, ); }; };
		CB065BACFFAB9C914549022F /* SpeechPlayback.swift in Sources */ = {isa = PBXBuildFile; fileRef = 35E1A3AD03CE55C2B0BE0A42 /* SpeechPlayback.swift */; };
		CD34C1AE38E449E5B7FEC347 /* ContentView.swift in Sources */ = {isa = PBXBuildFile; fileRef = F28CB5A04B49A7B79D9E6AC5 /* ContentView.swift */; };
		D51CE3CBCD4F4857D3DA6E97 /* PendingApprovalCountStore.swift in Sources */ = {isa = PBXBuildFile; fileRef = E137B241FFB29D7E76F2E771 /* PendingApprovalCountStore.swift */; };
		DE003694E3533C1D090ADD9A /* PendingApprovalActivityAttributes.swift in Sources */ = {isa = PBXBuildFile; fileRef = 293A1D304532ECFF692D458B /* PendingApprovalActivityAttributes.swift */; };
		E30895FEA1D8C6A7031B8903 /* HistoryView.swift in Sources */ = {isa = PBXBuildFile; fileRef = 7983B9826F39C95F7907AEA4 /* HistoryView.swift */; };
		ECEC4338AA23792FA3A304DC /* Assets.xcassets in Resources */ = {isa = PBXBuildFile; fileRef = C0512EDA37E8AF7839C85B83 /* Assets.xcassets */; };
		EEF68E6DA028D2426E4797B0 /* AskLiveActivityView.swift in Sources */ = {isa = PBXBuildFile; fileRef = 758E90F2E89A0746E9995339 /* AskLiveActivityView.swift */; };
		EF517D42E9F2166F8F0EFD89 /* WidgetDataStore.swift in Sources */ = {isa = PBXBuildFile; fileRef = 79320610823C4CAFA21FDA7F /* WidgetDataStore.swift */; };
		F00E53044E7B1499C8F3FE7A /* HeadlessEngineRunner.swift in Sources */ = {isa = PBXBuildFile; fileRef = 348F051AC604E351E68C9BFC /* HeadlessEngineRunner.swift */; };
		F174AAF58CA25C73F02BE34B /* AskActivityAttributes.swift in Sources */ = {isa = PBXBuildFile; fileRef = E68984CC7D1A34114C776473 /* AskActivityAttributes.swift */; };
		F5AC82BC8D19636F1E3FE002 /* ApprovalsView.swift in Sources */ = {isa = PBXBuildFile; fileRef = A2AF35EC3369EB1FF9FD76AE /* ApprovalsView.swift */; };
		FA87941C9FD41AEA0C968758 /* PendingApprovalsIntent.swift in Sources */ = {isa = PBXBuildFile; fileRef = 7365BE3652E378162068471D /* PendingApprovalsIntent.swift */; };
		FB1A625F9305635EC2988042 /* AskView.swift in Sources */ = {isa = PBXBuildFile; fileRef = 20E8F7BB479463A6EDEC2DC9 /* AskView.swift */; };
		FC7EF0B77D370C70F5BB2DBF /* WatchDataStore.swift in Sources */ = {isa = PBXBuildFile; fileRef = FC63342F72A58D27A4A1CB24 /* WatchDataStore.swift */; };
		FE00B62419231A91576612EC /* PendingApprovalComplication.swift in Sources */ = {isa = PBXBuildFile; fileRef = 8E6C04595DA581CCE3A32C39 /* PendingApprovalComplication.swift */; };
/* End PBXBuildFile section */

/* Begin PBXContainerItemProxy section */
		1195CAFD9E5366106E2C1C88 /* PBXContainerItemProxy */ = {
			isa = PBXContainerItemProxy;
			containerPortal = 97C146E61CF9000F007C117D /* Project object */;
			proxyType = 1;
			remoteGlobalIDString = 86EB39553030D81600206946;
			remoteInfo = NetClawWidgetExtension;
		};
		331C8085294A63A400263BE5 /* PBXContainerItemProxy */ = {
			isa = PBXContainerItemProxy;
			containerPortal = 97C146E61CF9000F007C117D /* Project object */;
			proxyType = 1;
			remoteGlobalIDString = 97C146ED1CF9000F007C117D;
			remoteInfo = Runner;
		};
		768DF3738148B0B866C6F253 /* PBXContainerItemProxy */ = {
			isa = PBXContainerItemProxy;
			containerPortal = 97C146E61CF9000F007C117D /* Project object */;
			proxyType = 1;
			remoteGlobalIDString = BD2814341B2CA83CCE5BD761;
			remoteInfo = WatchApp;
		};
		BA73A14E856DFA6F4A241E72 /* PBXContainerItemProxy */ = {
			isa = PBXContainerItemProxy;
			containerPortal = 97C146E61CF9000F007C117D /* Project object */;
			proxyType = 1;
			remoteGlobalIDString = 74BA3BA4675CE8A523ED938C;
			remoteInfo = LiveActivityWidget;
		};
		CA7FC6F861DFDFCF46A38B7A /* PBXContainerItemProxy */ = {
			isa = PBXContainerItemProxy;
			containerPortal = 97C146E61CF9000F007C117D /* Project object */;
			proxyType = 1;
			remoteGlobalIDString = 0B6028294AE52A99799DC8CE;
			remoteInfo = WatchComplication;
		};
/* End PBXContainerItemProxy section */

/* Begin PBXCopyFilesBuildPhase section */
		934BB5CE97BD0279C4982698 /* Embed Watch Content */ = {
			isa = PBXCopyFilesBuildPhase;
			buildActionMask = 2147483647;
			dstPath = "$(CONTENTS_FOLDER_PATH)/Watch";
			dstSubfolderSpec = 16;
			files = (
				A8E85D3836C0AFE112E6A607 /* WatchApp.app in Embed Watch Content */,
			);
			name = "Embed Watch Content";
			runOnlyForDeploymentPostprocessing = 0;
		};
		9705A1C41CF9048500538489 /* Embed Frameworks */ = {
			isa = PBXCopyFilesBuildPhase;
			buildActionMask = 2147483647;
			dstPath = "";
			dstSubfolderSpec = 10;
			files = (
			);
			name = "Embed Frameworks";
			runOnlyForDeploymentPostprocessing = 0;
		};
		BD5397BFE408724B019A72C9 /* Embed Foundation Extensions */ = {
			isa = PBXCopyFilesBuildPhase;
			buildActionMask = 2147483647;
			dstPath = "";
			dstSubfolderSpec = 13;
			files = (
				68E0E9BA86F24C4C4E31AEA1 /* WatchComplication.appex in Embed Foundation Extensions */,
			);
			name = "Embed Foundation Extensions";
			runOnlyForDeploymentPostprocessing = 0;
		};
		F855FB9A6D6F36D41A3A6E53 /* Embed Foundation Extensions */ = {
			isa = PBXCopyFilesBuildPhase;
			buildActionMask = 2147483647;
			dstPath = "";
			dstSubfolderSpec = 13;
			files = (
				C852674E15C39970C9A9678E /* LiveActivityWidget.appex in Embed Foundation Extensions */,
				3AD0DA835FD1019E91797E58 /* NetClawWidgetExtension.appex in Embed Foundation Extensions */,
			);
			name = "Embed Foundation Extensions";
			runOnlyForDeploymentPostprocessing = 0;
		};
/* End PBXCopyFilesBuildPhase section */

/* Begin PBXFileReference section */
		0A1A88681C289C2A4993574F /* HeartbeatComplication.swift */ = {isa = PBXFileReference; includeInIndex = 1; lastKnownFileType = sourcecode.swift; path = HeartbeatComplication.swift; sourceTree = "<group>"; };
		0D5BF838B9249487BC350187 /* ApprovalActionIntent.swift */ = {isa = PBXFileReference; includeInIndex = 1; lastKnownFileType = sourcecode.swift; path = ApprovalActionIntent.swift; sourceTree = "<group>"; };
		11ECA5A4B25A9137F9746B1C /* WatchAppApp.swift */ = {isa = PBXFileReference; includeInIndex = 1; lastKnownFileType = sourcecode.swift; path = WatchAppApp.swift; sourceTree = "<group>"; };
		13C1D53033EE4A7F78E8AA0E /* LiveActivityBridge.swift */ = {isa = PBXFileReference; includeInIndex = 1; lastKnownFileType = sourcecode.swift; path = LiveActivityBridge.swift; sourceTree = "<group>"; };
		1498D2321E8E86230040F4C2 /* GeneratedPluginRegistrant.h */ = {isa = PBXFileReference; lastKnownFileType = sourcecode.c.h; path = GeneratedPluginRegistrant.h; sourceTree = "<group>"; };
		1498D2331E8E89220040F4C2 /* GeneratedPluginRegistrant.m */ = {isa = PBXFileReference; fileEncoding = 4; lastKnownFileType = sourcecode.c.objc; path = GeneratedPluginRegistrant.m; sourceTree = "<group>"; };
		1B661504AF33825800F538DE /* Info.plist */ = {isa = PBXFileReference; lastKnownFileType = text.plist.xml; path = Info.plist; sourceTree = "<group>"; };
		1E67DA4401E9F62317457618 /* AskBorderIntent.swift */ = {isa = PBXFileReference; includeInIndex = 1; lastKnownFileType = sourcecode.swift; path = AskBorderIntent.swift; sourceTree = "<group>"; };
		20E8F7BB479463A6EDEC2DC9 /* AskView.swift */ = {isa = PBXFileReference; includeInIndex = 1; lastKnownFileType = sourcecode.swift; path = AskView.swift; sourceTree = "<group>"; };
		273652801983689749C43897 /* WatchComplication.appex */ = {isa = PBXFileReference; explicitFileType = "wrapper.app-extension"; includeInIndex = 0; path = WatchComplication.appex; sourceTree = BUILT_PRODUCTS_DIR; };
		293A1D304532ECFF692D458B /* PendingApprovalActivityAttributes.swift */ = {isa = PBXFileReference; includeInIndex = 1; lastKnownFileType = sourcecode.swift; path = PendingApprovalActivityAttributes.swift; sourceTree = "<group>"; };
		331C807B294A618700263BE5 /* RunnerTests.swift */ = {isa = PBXFileReference; lastKnownFileType = sourcecode.swift; path = RunnerTests.swift; sourceTree = "<group>"; };
		331C8081294A63A400263BE5 /* RunnerTests.xctest */ = {isa = PBXFileReference; explicitFileType = wrapper.cfbundle; includeInIndex = 0; path = RunnerTests.xctest; sourceTree = BUILT_PRODUCTS_DIR; };
		348F051AC604E351E68C9BFC /* HeadlessEngineRunner.swift */ = {isa = PBXFileReference; includeInIndex = 1; lastKnownFileType = sourcecode.swift; path = HeadlessEngineRunner.swift; sourceTree = "<group>"; };
		35E1A3AD03CE55C2B0BE0A42 /* SpeechPlayback.swift */ = {isa = PBXFileReference; includeInIndex = 1; lastKnownFileType = sourcecode.swift; path = SpeechPlayback.swift; sourceTree = "<group>"; };
		3AC49A097EA8223766C69C1B /* PendingApprovalLiveActivityView.swift */ = {isa = PBXFileReference; includeInIndex = 1; lastKnownFileType = sourcecode.swift; path = PendingApprovalLiveActivityView.swift; sourceTree = "<group>"; };
		3B3967151E833CAA004F5970 /* AppFrameworkInfo.plist */ = {isa = PBXFileReference; fileEncoding = 4; lastKnownFileType = text.plist.xml; name = AppFrameworkInfo.plist; path = Flutter/AppFrameworkInfo.plist; sourceTree = "<group>"; };
		3C6569F581DE30075857A091 /* Info.plist */ = {isa = PBXFileReference; lastKnownFileType = text.plist.xml; path = Info.plist; sourceTree = "<group>"; };
		418FF2E0F619FF82B97E8A5E /* Foundation.framework */ = {isa = PBXFileReference; lastKnownFileType = wrapper.framework; name = Foundation.framework; path = Platforms/WatchOS.platform/Developer/SDKs/WatchOS26.0.sdk/System/Library/Frameworks/Foundation.framework; sourceTree = DEVELOPER_DIR; };
		4AECB19E8928BAD573BEF2FD /* WidgetBridgePlugin.swift */ = {isa = PBXFileReference; includeInIndex = 1; lastKnownFileType = sourcecode.swift; path = WidgetBridgePlugin.swift; sourceTree = "<group>"; };
		50536064379DEE1951C55E48 /* HeartbeatView.swift */ = {isa = PBXFileReference; includeInIndex = 1; lastKnownFileType = sourcecode.swift; path = HeartbeatView.swift; sourceTree = "<group>"; };
		5F670FCA531F3F4E9726ABFE /* WatchRelayPlugin.swift */ = {isa = PBXFileReference; includeInIndex = 1; lastKnownFileType = sourcecode.swift; path = WatchRelayPlugin.swift; sourceTree = "<group>"; };
		5FFCB201673536578933EC0E /* EdgeIdentityPlugin.swift */ = {isa = PBXFileReference; includeInIndex = 1; lastKnownFileType = sourcecode.swift; path = EdgeIdentityPlugin.swift; sourceTree = "<group>"; };
		6129DE6CAD59B231BA5725E5 /* HeartbeatStatusStore.swift */ = {isa = PBXFileReference; includeInIndex = 1; lastKnownFileType = sourcecode.swift; path = HeartbeatStatusStore.swift; sourceTree = "<group>"; };
		7365BE3652E378162068471D /* PendingApprovalsIntent.swift */ = {isa = PBXFileReference; includeInIndex = 1; lastKnownFileType = sourcecode.swift; path = PendingApprovalsIntent.swift; sourceTree = "<group>"; };
		74858FAD1ED2DC5600515810 /* Runner-Bridging-Header.h */ = {isa = PBXFileReference; lastKnownFileType = sourcecode.c.h; path = "Runner-Bridging-Header.h"; sourceTree = "<group>"; };
		74858FAE1ED2DC5600515810 /* AppDelegate.swift */ = {isa = PBXFileReference; fileEncoding = 4; lastKnownFileType = sourcecode.swift; path = AppDelegate.swift; sourceTree = "<group>"; };
		758E90F2E89A0746E9995339 /* AskLiveActivityView.swift */ = {isa = PBXFileReference; includeInIndex = 1; lastKnownFileType = sourcecode.swift; path = AskLiveActivityView.swift; sourceTree = "<group>"; };
		7884E8672EC3CC0400C636F2 /* SceneDelegate.swift */ = {isa = PBXFileReference; lastKnownFileType = sourcecode.swift; path = SceneDelegate.swift; sourceTree = "<group>"; };
		7892DD000E2EF1D894D34525 /* X509SelfSigned.swift */ = {isa = PBXFileReference; includeInIndex = 1; lastKnownFileType = sourcecode.swift; path = X509SelfSigned.swift; sourceTree = "<group>"; };
		78E0A7A72DC9AD7400C4905E /* FlutterGeneratedPluginSwiftPackage */ = {isa = PBXFileReference; lastKnownFileType = wrapper; name = FlutterGeneratedPluginSwiftPackage; path = Flutter/ephemeral/Packages/FlutterGeneratedPluginSwiftPackage; sourceTree = "<group>"; };
		79320610823C4CAFA21FDA7F /* WidgetDataStore.swift */ = {isa = PBXFileReference; includeInIndex = 1; lastKnownFileType = sourcecode.swift; path = WidgetDataStore.swift; sourceTree = "<group>"; };
		7983B9826F39C95F7907AEA4 /* HistoryView.swift */ = {isa = PBXFileReference; includeInIndex = 1; lastKnownFileType = sourcecode.swift; path = HistoryView.swift; sourceTree = "<group>"; };
		7AFA3C8E1D35360C0083082E /* Release.xcconfig */ = {isa = PBXFileReference; lastKnownFileType = text.xcconfig; name = Release.xcconfig; path = Flutter/Release.xcconfig; sourceTree = "<group>"; };
		86EB39563030D81600206946 /* NetClawWidgetExtension.appex */ = {isa = PBXFileReference; explicitFileType = "wrapper.app-extension"; includeInIndex = 0; path = NetClawWidgetExtension.appex; sourceTree = BUILT_PRODUCTS_DIR; };
		86EB39573030D81600206946 /* WidgetKit.framework */ = {isa = PBXFileReference; lastKnownFileType = wrapper.framework; name = WidgetKit.framework; path = System/Library/Frameworks/WidgetKit.framework; sourceTree = SDKROOT; };
		86EB39593030D81600206946 /* SwiftUI.framework */ = {isa = PBXFileReference; lastKnownFileType = wrapper.framework; name = SwiftUI.framework; path = System/Library/Frameworks/SwiftUI.framework; sourceTree = SDKROOT; };
		86EB396F3030D82000206946 /* NetClawWidgetExtension.entitlements */ = {isa = PBXFileReference; lastKnownFileType = text.plist.entitlements; path = NetClawWidgetExtension.entitlements; sourceTree = "<group>"; };
		899D52AD453861EA1A196A34 /* FeedView.swift */ = {isa = PBXFileReference; includeInIndex = 1; lastKnownFileType = sourcecode.swift; path = FeedView.swift; sourceTree = "<group>"; };
		8E6C04595DA581CCE3A32C39 /* PendingApprovalComplication.swift */ = {isa = PBXFileReference; includeInIndex = 1; lastKnownFileType = sourcecode.swift; path = PendingApprovalComplication.swift; sourceTree = "<group>"; };
		9740EEB21CF90195004384FC /* Debug.xcconfig */ = {isa = PBXFileReference; fileEncoding = 4; lastKnownFileType = text.xcconfig; name = Debug.xcconfig; path = Flutter/Debug.xcconfig; sourceTree = "<group>"; };
		9740EEB31CF90195004384FC /* Generated.xcconfig */ = {isa = PBXFileReference; fileEncoding = 4; lastKnownFileType = text.xcconfig; name = Generated.xcconfig; path = Flutter/Generated.xcconfig; sourceTree = "<group>"; };
		97C146EE1CF9000F007C117D /* Runner.app */ = {isa = PBXFileReference; explicitFileType = wrapper.application; includeInIndex = 0; path = Runner.app; sourceTree = BUILT_PRODUCTS_DIR; };
		97C146FB1CF9000F007C117D /* Base */ = {isa = PBXFileReference; lastKnownFileType = file.storyboard; name = Base; path = Base.lproj/Main.storyboard; sourceTree = "<group>"; };
		97C146FD1CF9000F007C117D /* Assets.xcassets */ = {isa = PBXFileReference; lastKnownFileType = folder.assetcatalog; path = Assets.xcassets; sourceTree = "<group>"; };
		97C147001CF9000F007C117D /* Base */ = {isa = PBXFileReference; lastKnownFileType = file.storyboard; name = Base; path = Base.lproj/LaunchScreen.storyboard; sourceTree = "<group>"; };
		97C147021CF9000F007C117D /* Info.plist */ = {isa = PBXFileReference; lastKnownFileType = text.plist.xml; path = Info.plist; sourceTree = "<group>"; };
		9A4437B88234FA5ED367E5BF /* PrivacyInfo.xcprivacy */ = {isa = PBXFileReference; lastKnownFileType = text.plist.xml; path = PrivacyInfo.xcprivacy; sourceTree = "<group>"; };
		A2AF35EC3369EB1FF9FD76AE /* ApprovalsView.swift */ = {isa = PBXFileReference; includeInIndex = 1; lastKnownFileType = sourcecode.swift; path = ApprovalsView.swift; sourceTree = "<group>"; };
		C0512EDA37E8AF7839C85B83 /* Assets.xcassets */ = {isa = PBXFileReference; includeInIndex = 1; lastKnownFileType = folder.assetcatalog; path = Assets.xcassets; sourceTree = "<group>"; };
		C5CA80FAD41D194C2DB127AC /* ConnectionState.swift */ = {isa = PBXFileReference; includeInIndex = 1; lastKnownFileType = sourcecode.swift; path = ConnectionState.swift; sourceTree = "<group>"; };
		D149057AE21A52CCF6F30439 /* GoogleService-Info.plist */ = {isa = PBXFileReference; lastKnownFileType = text.plist.xml; path = "GoogleService-Info.plist"; sourceTree = "<group>"; };
		E137B241FFB29D7E76F2E771 /* PendingApprovalCountStore.swift */ = {isa = PBXFileReference; includeInIndex = 1; lastKnownFileType = sourcecode.swift; path = PendingApprovalCountStore.swift; sourceTree = "<group>"; };
		E1BC7434D4DA5543407FE3CD /* LiveActivityWidget.appex */ = {isa = PBXFileReference; explicitFileType = "wrapper.app-extension"; includeInIndex = 0; path = LiveActivityWidget.appex; sourceTree = BUILT_PRODUCTS_DIR; };
		E68984CC7D1A34114C776473 /* AskActivityAttributes.swift */ = {isa = PBXFileReference; includeInIndex = 1; lastKnownFileType = sourcecode.swift; path = AskActivityAttributes.swift; sourceTree = "<group>"; };
		ECD3F5FECD3D095F16E19C7F /* WatchApp.app */ = {isa = PBXFileReference; explicitFileType = wrapper.application; includeInIndex = 0; path = WatchApp.app; sourceTree = BUILT_PRODUCTS_DIR; };
		F04B93F17205A9083B13AF89 /* NetClawShortcuts.swift */ = {isa = PBXFileReference; includeInIndex = 1; lastKnownFileType = sourcecode.swift; path = NetClawShortcuts.swift; sourceTree = "<group>"; };
		F0D05F988A1C8236B7562997 /* WatchRelayPluginTests.swift */ = {isa = PBXFileReference; lastKnownFileType = sourcecode.swift; path = WatchRelayPluginTests.swift; sourceTree = "<group>"; };
		F28CB5A04B49A7B79D9E6AC5 /* ContentView.swift */ = {isa = PBXFileReference; includeInIndex = 1; lastKnownFileType = sourcecode.swift; path = ContentView.swift; sourceTree = "<group>"; };
		F5BA25C202699C8E74D3AFEE /* BorderHealthIntent.swift */ = {isa = PBXFileReference; includeInIndex = 1; lastKnownFileType = sourcecode.swift; path = BorderHealthIntent.swift; sourceTree = "<group>"; };
		FC63342F72A58D27A4A1CB24 /* WatchDataStore.swift */ = {isa = PBXFileReference; includeInIndex = 1; lastKnownFileType = sourcecode.swift; path = WatchDataStore.swift; sourceTree = "<group>"; };
		FDF3354E3FFD03DF087537CA /* WatchConnectivitySession.swift */ = {isa = PBXFileReference; includeInIndex = 1; lastKnownFileType = sourcecode.swift; path = WatchConnectivitySession.swift; sourceTree = "<group>"; };
/* End PBXFileReference section */

/* Begin PBXFileSystemSynchronizedBuildFileExceptionSet section */
		86EB396D3030D81700206946 /* Exceptions for "NetClawWidget" folder in "NetClawWidgetExtension" target */ = {
			isa = PBXFileSystemSynchronizedBuildFileExceptionSet;
			membershipExceptions = (
				Info.plist,
			);
			target = 86EB39553030D81600206946 /* NetClawWidgetExtension */;
		};
/* End PBXFileSystemSynchronizedBuildFileExceptionSet section */

/* Begin PBXFileSystemSynchronizedRootGroup section */
		86EB395B3030D81600206946 /* NetClawWidget */ = {
			isa = PBXFileSystemSynchronizedRootGroup;
			exceptions = (
				86EB396D3030D81700206946 /* Exceptions for "NetClawWidget" folder in "NetClawWidgetExtension" target */,
			);
			explicitFileTypes = {
			};
			explicitFolders = (
			);
			path = NetClawWidget;
			sourceTree = "<group>";
		};
/* End PBXFileSystemSynchronizedRootGroup section */

/* Begin PBXFrameworksBuildPhase section */
		86EB39533030D81600206946 /* Frameworks */ = {
			isa = PBXFrameworksBuildPhase;
			buildActionMask = 2147483647;
			files = (
				86EB395A3030D81600206946 /* SwiftUI.framework in Frameworks */,
				86EB39583030D81600206946 /* WidgetKit.framework in Frameworks */,
			);
			runOnlyForDeploymentPostprocessing = 0;
		};
		97C146EB1CF9000F007C117D /* Frameworks */ = {
			isa = PBXFrameworksBuildPhase;
			buildActionMask = 2147483647;
			files = (
				78A318202AECB46A00862997 /* FlutterGeneratedPluginSwiftPackage in Frameworks */,
			);
			runOnlyForDeploymentPostprocessing = 0;
		};
		97DE4CF73502F2C416F37D09 /* Frameworks */ = {
			isa = PBXFrameworksBuildPhase;
			buildActionMask = 2147483647;
			files = (
			);
			runOnlyForDeploymentPostprocessing = 0;
		};
		9A51DEC0E6784807F2C05D04 /* Frameworks */ = {
			isa = PBXFrameworksBuildPhase;
			buildActionMask = 2147483647;
			files = (
				0B16EF33CF8CB0CCE1E8F646 /* Foundation.framework in Frameworks */,
			);
			runOnlyForDeploymentPostprocessing = 0;
		};
		DCBD82D77BCED516A99C2619 /* Frameworks */ = {
			isa = PBXFrameworksBuildPhase;
			buildActionMask = 2147483647;
			files = (
			);
			runOnlyForDeploymentPostprocessing = 0;
		};
/* End PBXFrameworksBuildPhase section */

/* Begin PBXGroup section */
		23335FD8F891AB27FB4CEDE2 /* Frameworks */ = {
			isa = PBXGroup;
			children = (
				C99AD8D728EA1BF6A1D4CD46 /* watchOS */,
				86EB39573030D81600206946 /* WidgetKit.framework */,
				86EB39593030D81600206946 /* SwiftUI.framework */,
			);
			name = Frameworks;
			sourceTree = "<group>";
		};
		331C8082294A63A400263BE5 /* RunnerTests */ = {
			isa = PBXGroup;
			children = (
				331C807B294A618700263BE5 /* RunnerTests.swift */,
				F0D05F988A1C8236B7562997 /* WatchRelayPluginTests.swift */,
			);
			path = RunnerTests;
			sourceTree = "<group>";
		};
		6DFFF4320CDAFB4EE4C39445 /* WatchApp Watch App */ = {
			isa = PBXGroup;
			children = (
				11ECA5A4B25A9137F9746B1C /* WatchAppApp.swift */,
				F28CB5A04B49A7B79D9E6AC5 /* ContentView.swift */,
				C0512EDA37E8AF7839C85B83 /* Assets.xcassets */,
				C5CA80FAD41D194C2DB127AC /* ConnectionState.swift */,
				FDF3354E3FFD03DF087537CA /* WatchConnectivitySession.swift */,
				A2AF35EC3369EB1FF9FD76AE /* ApprovalsView.swift */,
				899D52AD453861EA1A196A34 /* FeedView.swift */,
				20E8F7BB479463A6EDEC2DC9 /* AskView.swift */,
				FC63342F72A58D27A4A1CB24 /* WatchDataStore.swift */,
				7983B9826F39C95F7907AEA4 /* HistoryView.swift */,
				35E1A3AD03CE55C2B0BE0A42 /* SpeechPlayback.swift */,
				50536064379DEE1951C55E48 /* HeartbeatView.swift */,
			);
			path = "WatchApp Watch App";
			sourceTree = "<group>";
		};
		8F6AC5586AE7F8EF0285C491 /* LiveActivityWidget */ = {
			isa = PBXGroup;
			children = (
				293A1D304532ECFF692D458B /* PendingApprovalActivityAttributes.swift */,
				3AC49A097EA8223766C69C1B /* PendingApprovalLiveActivityView.swift */,
				3C6569F581DE30075857A091 /* Info.plist */,
				E68984CC7D1A34114C776473 /* AskActivityAttributes.swift */,
				758E90F2E89A0746E9995339 /* AskLiveActivityView.swift */,
			);
			path = LiveActivityWidget;
			sourceTree = "<group>";
		};
		9740EEB11CF90186004384FC /* Flutter */ = {
			isa = PBXGroup;
			children = (
				78E0A7A72DC9AD7400C4905E /* FlutterGeneratedPluginSwiftPackage */,
				3B3967151E833CAA004F5970 /* AppFrameworkInfo.plist */,
				9740EEB21CF90195004384FC /* Debug.xcconfig */,
				7AFA3C8E1D35360C0083082E /* Release.xcconfig */,
				9740EEB31CF90195004384FC /* Generated.xcconfig */,
			);
			name = Flutter;
			sourceTree = "<group>";
		};
		97C146E51CF9000F007C117D = {
			isa = PBXGroup;
			children = (
				86EB396F3030D82000206946 /* NetClawWidgetExtension.entitlements */,
				9740EEB11CF90186004384FC /* Flutter */,
				97C146F01CF9000F007C117D /* Runner */,
				86EB395B3030D81600206946 /* NetClawWidget */,
				97C146EF1CF9000F007C117D /* Products */,
				331C8082294A63A400263BE5 /* RunnerTests */,
				23335FD8F891AB27FB4CEDE2 /* Frameworks */,
				6DFFF4320CDAFB4EE4C39445 /* WatchApp Watch App */,
				8F6AC5586AE7F8EF0285C491 /* LiveActivityWidget */,
				DA6B148FE85654759EF60FEA /* WatchComplication */,
			);
			sourceTree = "<group>";
		};
		97C146EF1CF9000F007C117D /* Products */ = {
			isa = PBXGroup;
			children = (
				97C146EE1CF9000F007C117D /* Runner.app */,
				331C8081294A63A400263BE5 /* RunnerTests.xctest */,
				ECD3F5FECD3D095F16E19C7F /* WatchApp.app */,
				E1BC7434D4DA5543407FE3CD /* LiveActivityWidget.appex */,
				273652801983689749C43897 /* WatchComplication.appex */,
				86EB39563030D81600206946 /* NetClawWidgetExtension.appex */,
			);
			name = Products;
			sourceTree = "<group>";
		};
		97C146F01CF9000F007C117D /* Runner */ = {
			isa = PBXGroup;
			children = (
				97C146FA1CF9000F007C117D /* Main.storyboard */,
				97C146FD1CF9000F007C117D /* Assets.xcassets */,
				97C146FF1CF9000F007C117D /* LaunchScreen.storyboard */,
				97C147021CF9000F007C117D /* Info.plist */,
				9A4437B88234FA5ED367E5BF /* PrivacyInfo.xcprivacy */,
				1498D2321E8E86230040F4C2 /* GeneratedPluginRegistrant.h */,
				1498D2331E8E89220040F4C2 /* GeneratedPluginRegistrant.m */,
				74858FAE1ED2DC5600515810 /* AppDelegate.swift */,
				7884E8672EC3CC0400C636F2 /* SceneDelegate.swift */,
				74858FAD1ED2DC5600515810 /* Runner-Bridging-Header.h */,
				5FFCB201673536578933EC0E /* EdgeIdentityPlugin.swift */,
				7892DD000E2EF1D894D34525 /* X509SelfSigned.swift */,
				5F670FCA531F3F4E9726ABFE /* WatchRelayPlugin.swift */,
				13C1D53033EE4A7F78E8AA0E /* LiveActivityBridge.swift */,
				D149057AE21A52CCF6F30439 /* GoogleService-Info.plist */,
				0D5BF838B9249487BC350187 /* ApprovalActionIntent.swift */,
				79320610823C4CAFA21FDA7F /* WidgetDataStore.swift */,
				4AECB19E8928BAD573BEF2FD /* WidgetBridgePlugin.swift */,
				1E67DA4401E9F62317457618 /* AskBorderIntent.swift */,
				7365BE3652E378162068471D /* PendingApprovalsIntent.swift */,
				F5BA25C202699C8E74D3AFEE /* BorderHealthIntent.swift */,
				348F051AC604E351E68C9BFC /* HeadlessEngineRunner.swift */,
				F04B93F17205A9083B13AF89 /* NetClawShortcuts.swift */,
			);
			path = Runner;
			sourceTree = "<group>";
		};
		C99AD8D728EA1BF6A1D4CD46 /* watchOS */ = {
			isa = PBXGroup;
			children = (
				418FF2E0F619FF82B97E8A5E /* Foundation.framework */,
			);
			name = watchOS;
			sourceTree = "<group>";
		};
		DA6B148FE85654759EF60FEA /* WatchComplication */ = {
			isa = PBXGroup;
			children = (
				E137B241FFB29D7E76F2E771 /* PendingApprovalCountStore.swift */,
				8E6C04595DA581CCE3A32C39 /* PendingApprovalComplication.swift */,
				6129DE6CAD59B231BA5725E5 /* HeartbeatStatusStore.swift */,
				0A1A88681C289C2A4993574F /* HeartbeatComplication.swift */,
				1B661504AF33825800F538DE /* Info.plist */,
			);
			path = WatchComplication;
			sourceTree = "<group>";
		};
/* End PBXGroup section */

/* Begin PBXNativeTarget section */
		0B6028294AE52A99799DC8CE /* WatchComplication */ = {
			isa = PBXNativeTarget;
			buildConfigurationList = CF525482E2E76F5A477886F6 /* Build configuration list for PBXNativeTarget "WatchComplication" */;
			buildPhases = (
				A3D30B6F47C5A77584E1BFFD /* Sources */,
				97DE4CF73502F2C416F37D09 /* Frameworks */,
				10B774246E7BCD165CD059F2 /* Resources */,
			);
			buildRules = (
			);
			dependencies = (
			);
			name = WatchComplication;
			productName = WatchComplication;
			productReference = 273652801983689749C43897 /* WatchComplication.appex */;
			productType = "com.apple.product-type.app-extension";
		};
		331C8080294A63A400263BE5 /* RunnerTests */ = {
			isa = PBXNativeTarget;
			buildConfigurationList = 331C8087294A63A400263BE5 /* Build configuration list for PBXNativeTarget "RunnerTests" */;
			buildPhases = (
				331C807D294A63A400263BE5 /* Sources */,
				331C807F294A63A400263BE5 /* Resources */,
			);
			buildRules = (
			);
			dependencies = (
				331C8086294A63A400263BE5 /* PBXTargetDependency */,
			);
			name = RunnerTests;
			productName = RunnerTests;
			productReference = 331C8081294A63A400263BE5 /* RunnerTests.xctest */;
			productType = "com.apple.product-type.bundle.unit-test";
		};
		74BA3BA4675CE8A523ED938C /* LiveActivityWidget */ = {
			isa = PBXNativeTarget;
			buildConfigurationList = 9A79AD3E0F0F9924AE8B1CF8 /* Build configuration list for PBXNativeTarget "LiveActivityWidget" */;
			buildPhases = (
				7C30025D9C605D83E599EBA8 /* Sources */,
				DCBD82D77BCED516A99C2619 /* Frameworks */,
				5D5F1C7F936E1290EDC0A7AE /* Resources */,
			);
			buildRules = (
			);
			dependencies = (
			);
			name = LiveActivityWidget;
			productName = LiveActivityWidget;
			productReference = E1BC7434D4DA5543407FE3CD /* LiveActivityWidget.appex */;
			productType = "com.apple.product-type.app-extension";
		};
		86EB39553030D81600206946 /* NetClawWidgetExtension */ = {
			isa = PBXNativeTarget;
			buildConfigurationList = 86EB396E3030D81700206946 /* Build configuration list for PBXNativeTarget "NetClawWidgetExtension" */;
			buildPhases = (
				86EB39523030D81600206946 /* Sources */,
				86EB39533030D81600206946 /* Frameworks */,
				86EB39543030D81600206946 /* Resources */,
			);
			buildRules = (
			);
			dependencies = (
			);
			fileSystemSynchronizedGroups = (
				86EB395B3030D81600206946 /* NetClawWidget */,
			);
			name = NetClawWidgetExtension;
			productName = NetClawWidgetExtension;
			productReference = 86EB39563030D81600206946 /* NetClawWidgetExtension.appex */;
			productType = "com.apple.product-type.app-extension";
		};
		97C146ED1CF9000F007C117D /* Runner */ = {
			isa = PBXNativeTarget;
			buildConfigurationList = 97C147051CF9000F007C117D /* Build configuration list for PBXNativeTarget "Runner" */;
			buildPhases = (
				9740EEB61CF901F6004384FC /* Run Script */,
				97C146EA1CF9000F007C117D /* Sources */,
				97C146EB1CF9000F007C117D /* Frameworks */,
				97C146EC1CF9000F007C117D /* Resources */,
				9705A1C41CF9048500538489 /* Embed Frameworks */,
				934BB5CE97BD0279C4982698 /* Embed Watch Content */,
				F855FB9A6D6F36D41A3A6E53 /* Embed Foundation Extensions */,
				3B06AD1E1E4923F5004D2608 /* Thin Binary */,
			);
			buildRules = (
			);
			dependencies = (
				357E0FA35F31B8BED66D0C80 /* PBXTargetDependency */,
				FA2500411352BCB0612D5377 /* PBXTargetDependency */,
				99D4FCEEE364BC29BD7D1063 /* PBXTargetDependency */,
			);
			name = Runner;
			packageProductDependencies = (
				78A3181F2AECB46A00862997 /* FlutterGeneratedPluginSwiftPackage */,
			);
			productName = Runner;
			productReference = 97C146EE1CF9000F007C117D /* Runner.app */;
			productType = "com.apple.product-type.application";
		};
		BD2814341B2CA83CCE5BD761 /* WatchApp */ = {
			isa = PBXNativeTarget;
			buildConfigurationList = 24C4AA975F3FDE5DCD86032B /* Build configuration list for PBXNativeTarget "WatchApp" */;
			buildPhases = (
				E78AD4BDBD07295711B43C57 /* Sources */,
				9A51DEC0E6784807F2C05D04 /* Frameworks */,
				6376749451B512845783A4C9 /* Resources */,
				BD5397BFE408724B019A72C9 /* Embed Foundation Extensions */,
			);
			buildRules = (
			);
			dependencies = (
				C9AAF2426B3F960C46927A1F /* PBXTargetDependency */,
			);
			name = WatchApp;
			productName = WatchApp;
			productReference = ECD3F5FECD3D095F16E19C7F /* WatchApp.app */;
			productType = "com.apple.product-type.application";
		};
/* End PBXNativeTarget section */

/* Begin PBXProject section */
		97C146E61CF9000F007C117D /* Project object */ = {
			isa = PBXProject;
			attributes = {
				BuildIndependentTargetsInParallel = YES;
				LastSwiftUpdateCheck = 2660;
				LastUpgradeCheck = 1510;
				ORGANIZATIONNAME = "";
				TargetAttributes = {
					0B6028294AE52A99799DC8CE = {
						CreatedOnToolsVersion = 1510;
					};
					331C8080294A63A400263BE5 = {
						CreatedOnToolsVersion = 14.0;
						TestTargetID = 97C146ED1CF9000F007C117D;
					};
					74BA3BA4675CE8A523ED938C = {
						CreatedOnToolsVersion = 1510;
					};
					86EB39553030D81600206946 = {
						CreatedOnToolsVersion = 26.6;
					};
					97C146ED1CF9000F007C117D = {
						CreatedOnToolsVersion = 7.3.1;
						LastSwiftMigration = 1100;
						SystemCapabilities = {
							com.apple.Push = {
								enabled = 1;
							};
						};
					};
				};
			};
			buildConfigurationList = 97C146E91CF9000F007C117D /* Build configuration list for PBXProject "Runner" */;
			compatibilityVersion = "Xcode 9.3";
			developmentRegion = en;
			hasScannedForEncodings = 0;
			knownRegions = (
				en,
				Base,
			);
			mainGroup = 97C146E51CF9000F007C117D;
			packageReferences = (
				781AD8BC2B33823900A9FFBB /* XCLocalSwiftPackageReference "FlutterGeneratedPluginSwiftPackage" */,
			);
			productRefGroup = 97C146EF1CF9000F007C117D /* Products */;
			projectDirPath = "";
			projectRoot = "";
			targets = (
				97C146ED1CF9000F007C117D /* Runner */,
				331C8080294A63A400263BE5 /* RunnerTests */,
				BD2814341B2CA83CCE5BD761 /* WatchApp */,
				74BA3BA4675CE8A523ED938C /* LiveActivityWidget */,
				0B6028294AE52A99799DC8CE /* WatchComplication */,
				86EB39553030D81600206946 /* NetClawWidgetExtension */,
			);
		};
/* End PBXProject section */

/* Begin PBXResourcesBuildPhase section */
		10B774246E7BCD165CD059F2 /* Resources */ = {
			isa = PBXResourcesBuildPhase;
			buildActionMask = 2147483647;
			files = (
			);
			runOnlyForDeploymentPostprocessing = 0;
		};
		331C807F294A63A400263BE5 /* Resources */ = {
			isa = PBXResourcesBuildPhase;
			buildActionMask = 2147483647;
			files = (
			);
			runOnlyForDeploymentPostprocessing = 0;
		};
		5D5F1C7F936E1290EDC0A7AE /* Resources */ = {
			isa = PBXResourcesBuildPhase;
			buildActionMask = 2147483647;
			files = (
			);
			runOnlyForDeploymentPostprocessing = 0;
		};
		6376749451B512845783A4C9 /* Resources */ = {
			isa = PBXResourcesBuildPhase;
			buildActionMask = 2147483647;
			files = (
				ECEC4338AA23792FA3A304DC /* Assets.xcassets in Resources */,
			);
			runOnlyForDeploymentPostprocessing = 0;
		};
		86EB39543030D81600206946 /* Resources */ = {
			isa = PBXResourcesBuildPhase;
			buildActionMask = 2147483647;
			files = (
			);
			runOnlyForDeploymentPostprocessing = 0;
		};
		97C146EC1CF9000F007C117D /* Resources */ = {
			isa = PBXResourcesBuildPhase;
			buildActionMask = 2147483647;
			files = (
				97C147011CF9000F007C117D /* LaunchScreen.storyboard in Resources */,
				3B3967161E833CAA004F5970 /* AppFrameworkInfo.plist in Resources */,
				97C146FE1CF9000F007C117D /* Assets.xcassets in Resources */,
				97C146FC1CF9000F007C117D /* Main.storyboard in Resources */,
				8FE94B2B99CAFE6CED9F69D9 /* PrivacyInfo.xcprivacy in Resources */,
				2B1F9089E7E89896D0716DB2 /* GoogleService-Info.plist in Resources */,
			);
			runOnlyForDeploymentPostprocessing = 0;
		};
/* End PBXResourcesBuildPhase section */

/* Begin PBXShellScriptBuildPhase section */
		3B06AD1E1E4923F5004D2608 /* Thin Binary */ = {
			isa = PBXShellScriptBuildPhase;
			alwaysOutOfDate = 1;
			buildActionMask = 2147483647;
			files = (
			);
			inputPaths = (
				"${TARGET_BUILD_DIR}/${INFOPLIST_PATH}",
			);
			name = "Thin Binary";
			outputPaths = (
			);
			runOnlyForDeploymentPostprocessing = 0;
			shellPath = /bin/sh;
			shellScript = "/bin/sh \"$FLUTTER_ROOT/packages/flutter_tools/bin/xcode_backend.sh\" embed_and_thin";
		};
		9740EEB61CF901F6004384FC /* Run Script */ = {
			isa = PBXShellScriptBuildPhase;
			alwaysOutOfDate = 1;
			buildActionMask = 2147483647;
			files = (
			);
			inputPaths = (
			);
			name = "Run Script";
			outputPaths = (
			);
			runOnlyForDeploymentPostprocessing = 0;
			shellPath = /bin/sh;
			shellScript = "/bin/sh \"$FLUTTER_ROOT/packages/flutter_tools/bin/xcode_backend.sh\" build";
		};
/* End PBXShellScriptBuildPhase section */

/* Begin PBXSourcesBuildPhase section */
		331C807D294A63A400263BE5 /* Sources */ = {
			isa = PBXSourcesBuildPhase;
			buildActionMask = 2147483647;
			files = (
				331C808B294A63AB00263BE5 /* RunnerTests.swift in Sources */,
				B47997F75C18DD99FE2DC6CA /* WatchRelayPluginTests.swift in Sources */,
			);
			runOnlyForDeploymentPostprocessing = 0;
		};
		7C30025D9C605D83E599EBA8 /* Sources */ = {
			isa = PBXSourcesBuildPhase;
			buildActionMask = 2147483647;
			files = (
				01A006D824F9BE6E4E1618CD /* PendingApprovalActivityAttributes.swift in Sources */,
				731902043F88E98C8A8BB692 /* PendingApprovalLiveActivityView.swift in Sources */,
				AA353EE7FFEBD393376659DD /* AskActivityAttributes.swift in Sources */,
				EEF68E6DA028D2426E4797B0 /* AskLiveActivityView.swift in Sources */,
				75C848AFE4C85BA548D5F8F5 /* ApprovalActionIntent.swift in Sources */,
			);
			runOnlyForDeploymentPostprocessing = 0;
		};
		86EB39523030D81600206946 /* Sources */ = {
			isa = PBXSourcesBuildPhase;
			buildActionMask = 2147483647;
			files = (
				EF517D42E9F2166F8F0EFD89 /* WidgetDataStore.swift in Sources */,
			);
			runOnlyForDeploymentPostprocessing = 0;
		};
		97C146EA1CF9000F007C117D /* Sources */ = {
			isa = PBXSourcesBuildPhase;
			buildActionMask = 2147483647;
			files = (
				74858FAF1ED2DC5600515810 /* AppDelegate.swift in Sources */,
				1498D2341E8E89220040F4C2 /* GeneratedPluginRegistrant.m in Sources */,
				7884E8682EC3CC0700C636F2 /* SceneDelegate.swift in Sources */,
				052FBCC9A5C97BCB062856D0 /* EdgeIdentityPlugin.swift in Sources */,
				BBF0FAD7CE203CDC4719099D /* X509SelfSigned.swift in Sources */,
				AB6665C540181052E633EB50 /* WatchRelayPlugin.swift in Sources */,
				49BEAAEF69DD4D8F46C31214 /* LiveActivityBridge.swift in Sources */,
				DE003694E3533C1D090ADD9A /* PendingApprovalActivityAttributes.swift in Sources */,
				F174AAF58CA25C73F02BE34B /* AskActivityAttributes.swift in Sources */,
				A0F91D422CAE5A9A1262B105 /* ApprovalActionIntent.swift in Sources */,
				4B6F293DE00320D61764400E /* WidgetDataStore.swift in Sources */,
				1DC7413FB2432E124D270D50 /* WidgetBridgePlugin.swift in Sources */,
				A07AA7B97E72AB6A8A72E95F /* AskBorderIntent.swift in Sources */,
				FA87941C9FD41AEA0C968758 /* PendingApprovalsIntent.swift in Sources */,
				3E15D4296A60942354889A8B /* BorderHealthIntent.swift in Sources */,
				F00E53044E7B1499C8F3FE7A /* HeadlessEngineRunner.swift in Sources */,
				882EB2E4B8EB9C9ED1020343 /* NetClawShortcuts.swift in Sources */,
			);
			runOnlyForDeploymentPostprocessing = 0;
		};
		A3D30B6F47C5A77584E1BFFD /* Sources */ = {
			isa = PBXSourcesBuildPhase;
			buildActionMask = 2147483647;
			files = (
				8831D9AF2CB51ABC313C7499 /* PendingApprovalCountStore.swift in Sources */,
				FE00B62419231A91576612EC /* PendingApprovalComplication.swift in Sources */,
				6885F8ED62073697CC18B3FB /* HeartbeatStatusStore.swift in Sources */,
				3EEE4A4394544DA06EA0A518 /* HeartbeatComplication.swift in Sources */,
			);
			runOnlyForDeploymentPostprocessing = 0;
		};
		E78AD4BDBD07295711B43C57 /* Sources */ = {
			isa = PBXSourcesBuildPhase;
			buildActionMask = 2147483647;
			files = (
				B78BDB52F47BF26E1157716A /* WatchAppApp.swift in Sources */,
				CD34C1AE38E449E5B7FEC347 /* ContentView.swift in Sources */,
				BDFC16DCD8624C1AD9CF9F47 /* ConnectionState.swift in Sources */,
				BBF8F66E96F04D37B501A16B /* WatchConnectivitySession.swift in Sources */,
				F5AC82BC8D19636F1E3FE002 /* ApprovalsView.swift in Sources */,
				72DCBAEB43B3A7560EDF0F06 /* FeedView.swift in Sources */,
				FB1A625F9305635EC2988042 /* AskView.swift in Sources */,
				FC7EF0B77D370C70F5BB2DBF /* WatchDataStore.swift in Sources */,
				E30895FEA1D8C6A7031B8903 /* HistoryView.swift in Sources */,
				CB065BACFFAB9C914549022F /* SpeechPlayback.swift in Sources */,
				D51CE3CBCD4F4857D3DA6E97 /* PendingApprovalCountStore.swift in Sources */,
				357E0A01121626BD60032519 /* HeartbeatStatusStore.swift in Sources */,
				386D1251CF96BBCAE1461D3D /* HeartbeatView.swift in Sources */,
			);
			runOnlyForDeploymentPostprocessing = 0;
		};
/* End PBXSourcesBuildPhase section */

/* Begin PBXTargetDependency section */
		331C8086294A63A400263BE5 /* PBXTargetDependency */ = {
			isa = PBXTargetDependency;
			target = 97C146ED1CF9000F007C117D /* Runner */;
			targetProxy = 331C8085294A63A400263BE5 /* PBXContainerItemProxy */;
		};
		357E0FA35F31B8BED66D0C80 /* PBXTargetDependency */ = {
			isa = PBXTargetDependency;
			name = WatchApp;
			target = BD2814341B2CA83CCE5BD761 /* WatchApp */;
			targetProxy = 768DF3738148B0B866C6F253 /* PBXContainerItemProxy */;
		};
		99D4FCEEE364BC29BD7D1063 /* PBXTargetDependency */ = {
			isa = PBXTargetDependency;
			name = NetClawWidgetExtension;
			target = 86EB39553030D81600206946 /* NetClawWidgetExtension */;
			targetProxy = 1195CAFD9E5366106E2C1C88 /* PBXContainerItemProxy */;
		};
		C9AAF2426B3F960C46927A1F /* PBXTargetDependency */ = {
			isa = PBXTargetDependency;
			target = 0B6028294AE52A99799DC8CE /* WatchComplication */;
			targetProxy = CA7FC6F861DFDFCF46A38B7A /* PBXContainerItemProxy */;
		};
		FA2500411352BCB0612D5377 /* PBXTargetDependency */ = {
			isa = PBXTargetDependency;
			target = 74BA3BA4675CE8A523ED938C /* LiveActivityWidget */;
			targetProxy = BA73A14E856DFA6F4A241E72 /* PBXContainerItemProxy */;
		};
/* End PBXTargetDependency section */

/* Begin PBXVariantGroup section */
		97C146FA1CF9000F007C117D /* Main.storyboard */ = {
			isa = PBXVariantGroup;
			children = (
				97C146FB1CF9000F007C117D /* Base */,
			);
			name = Main.storyboard;
			sourceTree = "<group>";
		};
		97C146FF1CF9000F007C117D /* LaunchScreen.storyboard */ = {
			isa = PBXVariantGroup;
			children = (
				97C147001CF9000F007C117D /* Base */,
			);
			name = LaunchScreen.storyboard;
			sourceTree = "<group>";
		};
/* End PBXVariantGroup section */

/* Begin XCBuildConfiguration section */
		1E0D1C8A56A99ED9C0A9A65D /* Debug */ = {
			isa = XCBuildConfiguration;
			buildSettings = {
				CODE_SIGN_ENTITLEMENTS = WatchComplication/WatchComplication.entitlements;
				CODE_SIGN_STYLE = Automatic;
				CURRENT_PROJECT_VERSION = 1;
				DEVELOPMENT_TEAM = A49777FMJG;
				INFOPLIST_FILE = WatchComplication/Info.plist;
				LD_RUNPATH_SEARCH_PATHS = (
					"$(inherited)",
					"@executable_path/Frameworks",
					"@executable_path/../../Frameworks",
				);
				MARKETING_VERSION = 1.0.0;
				PRODUCT_BUNDLE_IDENTIFIER = ca.automateyournetwork.netclaw.mobile.watchapp.wcomplication;
				PRODUCT_NAME = "$(TARGET_NAME)";
				SDKROOT = watchos;
				SKIP_INSTALL = YES;
				SUPPORTED_PLATFORMS = "watchos watchsimulator";
				SWIFT_VERSION = 5.0;
				TARGETED_DEVICE_FAMILY = 4;
				WATCHOS_DEPLOYMENT_TARGET = 10.0;
			};
			name = Debug;
		};
		249021D3217E4FDB00AE95B9 /* Profile */ = {
			isa = XCBuildConfiguration;
			buildSettings = {
				ALWAYS_SEARCH_USER_PATHS = NO;
				ASSETCATALOG_COMPILER_GENERATE_SWIFT_ASSET_SYMBOL_EXTENSIONS = YES;
				CLANG_ANALYZER_NONNULL = YES;
				CLANG_CXX_LANGUAGE_STANDARD = "gnu++0x";
				CLANG_CXX_LIBRARY = "libc++";
				CLANG_ENABLE_MODULES = YES;
				CLANG_ENABLE_OBJC_ARC = YES;
				CLANG_WARN_BLOCK_CAPTURE_AUTORELEASING = YES;
				CLANG_WARN_BOOL_CONVERSION = YES;
				CLANG_WARN_COMMA = YES;
				CLANG_WARN_CONSTANT_CONVERSION = YES;
				CLANG_WARN_DEPRECATED_OBJC_IMPLEMENTATIONS = YES;
				CLANG_WARN_DIRECT_OBJC_ISA_USAGE = YES_ERROR;
				CLANG_WARN_EMPTY_BODY = YES;
				CLANG_WARN_ENUM_CONVERSION = YES;
				CLANG_WARN_INFINITE_RECURSION = YES;
				CLANG_WARN_INT_CONVERSION = YES;
				CLANG_WARN_NON_LITERAL_NULL_CONVERSION = YES;
				CLANG_WARN_OBJC_IMPLICIT_RETAIN_SELF = YES;
				CLANG_WARN_OBJC_LITERAL_CONVERSION = YES;
				CLANG_WARN_OBJC_ROOT_CLASS = YES_ERROR;
				CLANG_WARN_QUOTED_INCLUDE_IN_FRAMEWORK_HEADER = YES;
				CLANG_WARN_RANGE_LOOP_ANALYSIS = YES;
				CLANG_WARN_STRICT_PROTOTYPES = YES;
				CLANG_WARN_SUSPICIOUS_MOVE = YES;
				CLANG_WARN_UNREACHABLE_CODE = YES;
				CLANG_WARN__DUPLICATE_METHOD_MATCH = YES;
				"CODE_SIGN_IDENTITY[sdk=iphoneos*]" = "iPhone Developer";
				COPY_PHASE_STRIP = NO;
				DEBUG_INFORMATION_FORMAT = "dwarf-with-dsym";
				ENABLE_NS_ASSERTIONS = NO;
				ENABLE_STRICT_OBJC_MSGSEND = YES;
				ENABLE_USER_SCRIPT_SANDBOXING = NO;
				GCC_C_LANGUAGE_STANDARD = gnu99;
				GCC_NO_COMMON_BLOCKS = YES;
				GCC_WARN_64_TO_32_BIT_CONVERSION = YES;
				GCC_WARN_ABOUT_RETURN_TYPE = YES_ERROR;
				GCC_WARN_UNDECLARED_SELECTOR = YES;
				GCC_WARN_UNINITIALIZED_AUTOS = YES_AGGRESSIVE;
				GCC_WARN_UNUSED_FUNCTION = YES;
				GCC_WARN_UNUSED_VARIABLE = YES;
				IPHONEOS_DEPLOYMENT_TARGET = 16.2;
				MTL_ENABLE_DEBUG_INFO = NO;
				SDKROOT = iphoneos;
				STRING_CATALOG_GENERATE_SYMBOLS = YES;
				SUPPORTED_PLATFORMS = iphoneos;
				TARGETED_DEVICE_FAMILY = "1,2";
				VALIDATE_PRODUCT = YES;
			};
			name = Profile;
		};
		249021D4217E4FDB00AE95B9 /* Profile */ = {
			isa = XCBuildConfiguration;
			baseConfigurationReference = 7AFA3C8E1D35360C0083082E /* Release.xcconfig */;
			buildSettings = {
				ASSETCATALOG_COMPILER_APPICON_NAME = AppIcon;
				CLANG_ENABLE_MODULES = YES;
				CODE_SIGN_ENTITLEMENTS = Runner/Runner.entitlements;
				CODE_SIGN_IDENTITY = "Apple Development";
				CODE_SIGN_STYLE = Automatic;
				CURRENT_PROJECT_VERSION = "$(FLUTTER_BUILD_NUMBER)";
				DEVELOPMENT_TEAM = A49777FMJG;
				ENABLE_BITCODE = NO;
				INFOPLIST_FILE = Runner/Info.plist;
				LD_RUNPATH_SEARCH_PATHS = (
					"$(inherited)",
					"@executable_path/Frameworks",
				);
				PRODUCT_BUNDLE_IDENTIFIER = ca.automateyournetwork.netclaw.mobile;
				PRODUCT_NAME = "$(TARGET_NAME)";
				PROVISIONING_PROFILE_SPECIFIER = "";
				SWIFT_OBJC_BRIDGING_HEADER = "Runner/Runner-Bridging-Header.h";
				SWIFT_VERSION = 5.0;
				VERSIONING_SYSTEM = "apple-generic";
			};
			name = Profile;
		};
		2DE52F50F78FC89D1293B078 /* Profile */ = {
			isa = XCBuildConfiguration;
			buildSettings = {
				ASSETCATALOG_COMPILER_APPICON_NAME = AppIcon;
				ASSETCATALOG_COMPILER_GLOBAL_ACCENT_COLOR_NAME = AccentColor;
				CODE_SIGN_ENTITLEMENTS = "WatchApp Watch App/WatchApp.entitlements";
				CODE_SIGN_STYLE = Automatic;
				DEVELOPMENT_TEAM = A49777FMJG;
				GENERATE_INFOPLIST_FILE = YES;
				INFOPLIST_KEY_CFBundleDisplayName = NetClaw;
				INFOPLIST_KEY_UISupportedInterfaceOrientations = UIInterfaceOrientationPortrait;
				INFOPLIST_KEY_WKApplication = YES;
				INFOPLIST_KEY_WKCompanionAppBundleIdentifier = ca.automateyournetwork.netclaw.mobile;
				PRODUCT_BUNDLE_IDENTIFIER = ca.automateyournetwork.netclaw.mobile.watchapp;
				PRODUCT_NAME = "$(TARGET_NAME)";
				SDKROOT = watchos;
				SKIP_INSTALL = YES;
				SUPPORTED_PLATFORMS = "watchos watchsimulator";
				SWIFT_VERSION = 5.0;
				TARGETED_DEVICE_FAMILY = 4;
				VALIDATE_PRODUCT = YES;
				WATCHOS_DEPLOYMENT_TARGET = 10.0;
			};
			name = Profile;
		};
		331C8088294A63A400263BE5 /* Debug */ = {
			isa = XCBuildConfiguration;
			buildSettings = {
				BUNDLE_LOADER = "$(TEST_HOST)";
				CODE_SIGN_STYLE = Automatic;
				CURRENT_PROJECT_VERSION = 1;
				GENERATE_INFOPLIST_FILE = YES;
				MARKETING_VERSION = 1.0;
				PRODUCT_BUNDLE_IDENTIFIER = ca.automateyournetwork.netclaw.mobile.RunnerTests;
				PRODUCT_NAME = "$(TARGET_NAME)";
				SWIFT_ACTIVE_COMPILATION_CONDITIONS = DEBUG;
				SWIFT_OPTIMIZATION_LEVEL = "-Onone";
				SWIFT_VERSION = 5.0;
				TEST_HOST = "$(BUILT_PRODUCTS_DIR)/Runner.app/$(BUNDLE_EXECUTABLE_FOLDER_PATH)/Runner";
			};
			name = Debug;
		};
		331C8089294A63A400263BE5 /* Release */ = {
			isa = XCBuildConfiguration;
			buildSettings = {
				BUNDLE_LOADER = "$(TEST_HOST)";
				CODE_SIGN_STYLE = Automatic;
				CURRENT_PROJECT_VERSION = 1;
				GENERATE_INFOPLIST_FILE = YES;
				MARKETING_VERSION = 1.0;
				PRODUCT_BUNDLE_IDENTIFIER = ca.automateyournetwork.netclaw.mobile.RunnerTests;
				PRODUCT_NAME = "$(TARGET_NAME)";
				SWIFT_VERSION = 5.0;
				TEST_HOST = "$(BUILT_PRODUCTS_DIR)/Runner.app/$(BUNDLE_EXECUTABLE_FOLDER_PATH)/Runner";
			};
			name = Release;
		};
		331C808A294A63A400263BE5 /* Profile */ = {
			isa = XCBuildConfiguration;
			buildSettings = {
				BUNDLE_LOADER = "$(TEST_HOST)";
				CODE_SIGN_STYLE = Automatic;
				CURRENT_PROJECT_VERSION = 1;
				GENERATE_INFOPLIST_FILE = YES;
				MARKETING_VERSION = 1.0;
				PRODUCT_BUNDLE_IDENTIFIER = ca.automateyournetwork.netclaw.mobile.RunnerTests;
				PRODUCT_NAME = "$(TARGET_NAME)";
				SWIFT_VERSION = 5.0;
				TEST_HOST = "$(BUILT_PRODUCTS_DIR)/Runner.app/$(BUNDLE_EXECUTABLE_FOLDER_PATH)/Runner";
			};
			name = Profile;
		};
		536158A32F5A46370B9CFE9B /* Debug */ = {
			isa = XCBuildConfiguration;
			buildSettings = {
				CODE_SIGN_STYLE = Automatic;
				CURRENT_PROJECT_VERSION = 1;
				DEVELOPMENT_TEAM = A49777FMJG;
				INFOPLIST_FILE = LiveActivityWidget/Info.plist;
				IPHONEOS_DEPLOYMENT_TARGET = 16.2;
				LD_RUNPATH_SEARCH_PATHS = (
					"$(inherited)",
					"@executable_path/Frameworks",
					"@executable_path/../../Frameworks",
				);
				MARKETING_VERSION = 1.0.0;
				PRODUCT_BUNDLE_IDENTIFIER = ca.automateyournetwork.netclaw.mobile.liveactivitywidget;
				PRODUCT_NAME = "$(TARGET_NAME)";
				SKIP_INSTALL = YES;
				SWIFT_ACTIVE_COMPILATION_CONDITIONS = "$(inherited) IS_EXTENSION_TARGET";
				SWIFT_VERSION = 5.0;
				TARGETED_DEVICE_FAMILY = "1,2";
			};
			name = Debug;
		};
		67A8C21904028CD59AFCC563 /* Release */ = {
			isa = XCBuildConfiguration;
			buildSettings = {
				CODE_SIGN_STYLE = Automatic;
				CURRENT_PROJECT_VERSION = 1;
				DEVELOPMENT_TEAM = A49777FMJG;
				INFOPLIST_FILE = LiveActivityWidget/Info.plist;
				IPHONEOS_DEPLOYMENT_TARGET = 16.2;
				LD_RUNPATH_SEARCH_PATHS = (
					"$(inherited)",
					"@executable_path/Frameworks",
					"@executable_path/../../Frameworks",
				);
				MARKETING_VERSION = 1.0.0;
				PRODUCT_BUNDLE_IDENTIFIER = ca.automateyournetwork.netclaw.mobile.liveactivitywidget;
				PRODUCT_NAME = "$(TARGET_NAME)";
				SKIP_INSTALL = YES;
				SWIFT_ACTIVE_COMPILATION_CONDITIONS = "$(inherited) IS_EXTENSION_TARGET";
				SWIFT_VERSION = 5.0;
				TARGETED_DEVICE_FAMILY = "1,2";
			};
			name = Release;
		};
		86EB396A3030D81700206946 /* Debug */ = {
			isa = XCBuildConfiguration;
			buildSettings = {
				ASSETCATALOG_COMPILER_GENERATE_SWIFT_ASSET_SYMBOL_EXTENSIONS = YES;
				ASSETCATALOG_COMPILER_GLOBAL_ACCENT_COLOR_NAME = AccentColor;
				ASSETCATALOG_COMPILER_WIDGET_BACKGROUND_COLOR_NAME = WidgetBackground;
				CLANG_ANALYZER_NUMBER_OBJECT_CONVERSION = YES_AGGRESSIVE;
				CLANG_CXX_LANGUAGE_STANDARD = "gnu++20";
				CLANG_ENABLE_OBJC_WEAK = YES;
				CLANG_WARN_DOCUMENTATION_COMMENTS = YES;
				CLANG_WARN_UNGUARDED_AVAILABILITY = YES_AGGRESSIVE;
				CODE_SIGN_ENTITLEMENTS = NetClawWidgetExtension.entitlements;
				CODE_SIGN_STYLE = Automatic;
				CURRENT_PROJECT_VERSION = 1;
				DEVELOPMENT_TEAM = A49777FMJG;
				ENABLE_USER_SCRIPT_SANDBOXING = YES;
				GCC_C_LANGUAGE_STANDARD = gnu17;
				GENERATE_INFOPLIST_FILE = YES;
				INFOPLIST_FILE = NetClawWidget/Info.plist;
				INFOPLIST_KEY_CFBundleDisplayName = NetClawWidget;
				INFOPLIST_KEY_NSHumanReadableCopyright = "";
				IPHONEOS_DEPLOYMENT_TARGET = 18.0;
				LD_RUNPATH_SEARCH_PATHS = (
					"$(inherited)",
					"@executable_path/Frameworks",
					"@executable_path/../../Frameworks",
					"@executable_path/../../../../Frameworks",
				);
				LOCALIZATION_PREFERS_STRING_CATALOGS = YES;
				MARKETING_VERSION = 1.0;
				MTL_ENABLE_DEBUG_INFO = INCLUDE_SOURCE;
				MTL_FAST_MATH = YES;
				PRODUCT_BUNDLE_IDENTIFIER = ca.automateyournetwork.netclaw.mobile.netclawwidget;
				PRODUCT_NAME = "$(TARGET_NAME)";
				SKIP_INSTALL = YES;
				STRING_CATALOG_GENERATE_SYMBOLS = YES;
				SWIFT_ACTIVE_COMPILATION_CONDITIONS = "DEBUG $(inherited) IS_EXTENSION_TARGET";
				SWIFT_APPROACHABLE_CONCURRENCY = YES;
				SWIFT_EMIT_LOC_STRINGS = YES;
				SWIFT_OPTIMIZATION_LEVEL = "-Onone";
				SWIFT_UPCOMING_FEATURE_MEMBER_IMPORT_VISIBILITY = YES;
				SWIFT_VERSION = 5.0;
				TARGETED_DEVICE_FAMILY = "1,2";
			};
			name = Debug;
		};
		86EB396B3030D81700206946 /* Release */ = {
			isa = XCBuildConfiguration;
			buildSettings = {
				ASSETCATALOG_COMPILER_GENERATE_SWIFT_ASSET_SYMBOL_EXTENSIONS = YES;
				ASSETCATALOG_COMPILER_GLOBAL_ACCENT_COLOR_NAME = AccentColor;
				ASSETCATALOG_COMPILER_WIDGET_BACKGROUND_COLOR_NAME = WidgetBackground;
				CLANG_ANALYZER_NUMBER_OBJECT_CONVERSION = YES_AGGRESSIVE;
				CLANG_CXX_LANGUAGE_STANDARD = "gnu++20";
				CLANG_ENABLE_OBJC_WEAK = YES;
				CLANG_WARN_DOCUMENTATION_COMMENTS = YES;
				CLANG_WARN_UNGUARDED_AVAILABILITY = YES_AGGRESSIVE;
				CODE_SIGN_ENTITLEMENTS = NetClawWidgetExtension.entitlements;
				CODE_SIGN_STYLE = Automatic;
				CURRENT_PROJECT_VERSION = 1;
				DEVELOPMENT_TEAM = A49777FMJG;
				ENABLE_USER_SCRIPT_SANDBOXING = YES;
				GCC_C_LANGUAGE_STANDARD = gnu17;
				GENERATE_INFOPLIST_FILE = YES;
				INFOPLIST_FILE = NetClawWidget/Info.plist;
				INFOPLIST_KEY_CFBundleDisplayName = NetClawWidget;
				INFOPLIST_KEY_NSHumanReadableCopyright = "";
				IPHONEOS_DEPLOYMENT_TARGET = 18.0;
				LD_RUNPATH_SEARCH_PATHS = (
					"$(inherited)",
					"@executable_path/Frameworks",
					"@executable_path/../../Frameworks",
					"@executable_path/../../../../Frameworks",
				);
				LOCALIZATION_PREFERS_STRING_CATALOGS = YES;
				MARKETING_VERSION = 1.0;
				MTL_FAST_MATH = YES;
				PRODUCT_BUNDLE_IDENTIFIER = ca.automateyournetwork.netclaw.mobile.netclawwidget;
				PRODUCT_NAME = "$(TARGET_NAME)";
				SKIP_INSTALL = YES;
				STRING_CATALOG_GENERATE_SYMBOLS = YES;
				SWIFT_ACTIVE_COMPILATION_CONDITIONS = "$(inherited) IS_EXTENSION_TARGET";
				SWIFT_APPROACHABLE_CONCURRENCY = YES;
				SWIFT_EMIT_LOC_STRINGS = YES;
				SWIFT_UPCOMING_FEATURE_MEMBER_IMPORT_VISIBILITY = YES;
				SWIFT_VERSION = 5.0;
				TARGETED_DEVICE_FAMILY = "1,2";
			};
			name = Release;
		};
		86EB396C3030D81700206946 /* Profile */ = {
			isa = XCBuildConfiguration;
			buildSettings = {
				ASSETCATALOG_COMPILER_GENERATE_SWIFT_ASSET_SYMBOL_EXTENSIONS = YES;
				ASSETCATALOG_COMPILER_GLOBAL_ACCENT_COLOR_NAME = AccentColor;
				ASSETCATALOG_COMPILER_WIDGET_BACKGROUND_COLOR_NAME = WidgetBackground;
				CLANG_ANALYZER_NUMBER_OBJECT_CONVERSION = YES_AGGRESSIVE;
				CLANG_CXX_LANGUAGE_STANDARD = "gnu++20";
				CLANG_ENABLE_OBJC_WEAK = YES;
				CLANG_WARN_DOCUMENTATION_COMMENTS = YES;
				CLANG_WARN_UNGUARDED_AVAILABILITY = YES_AGGRESSIVE;
				CODE_SIGN_ENTITLEMENTS = NetClawWidgetExtension.entitlements;
				CODE_SIGN_STYLE = Automatic;
				CURRENT_PROJECT_VERSION = 1;
				DEVELOPMENT_TEAM = A49777FMJG;
				ENABLE_USER_SCRIPT_SANDBOXING = YES;
				GCC_C_LANGUAGE_STANDARD = gnu17;
				GENERATE_INFOPLIST_FILE = YES;
				INFOPLIST_FILE = NetClawWidget/Info.plist;
				INFOPLIST_KEY_CFBundleDisplayName = NetClawWidget;
				INFOPLIST_KEY_NSHumanReadableCopyright = "";
				IPHONEOS_DEPLOYMENT_TARGET = 18.0;
				LD_RUNPATH_SEARCH_PATHS = (
					"$(inherited)",
					"@executable_path/Frameworks",
					"@executable_path/../../Frameworks",
					"@executable_path/../../../../Frameworks",
				);
				LOCALIZATION_PREFERS_STRING_CATALOGS = YES;
				MARKETING_VERSION = 1.0;
				MTL_FAST_MATH = YES;
				PRODUCT_BUNDLE_IDENTIFIER = ca.automateyournetwork.netclaw.mobile.netclawwidget;
				PRODUCT_NAME = "$(TARGET_NAME)";
				SKIP_INSTALL = YES;
				STRING_CATALOG_GENERATE_SYMBOLS = YES;
				SWIFT_ACTIVE_COMPILATION_CONDITIONS = "$(inherited) IS_EXTENSION_TARGET";
				SWIFT_APPROACHABLE_CONCURRENCY = YES;
				SWIFT_EMIT_LOC_STRINGS = YES;
				SWIFT_UPCOMING_FEATURE_MEMBER_IMPORT_VISIBILITY = YES;
				SWIFT_VERSION = 5.0;
				TARGETED_DEVICE_FAMILY = "1,2";
			};
			name = Profile;
		};
		9028DE515AC568B1726B0E92 /* Release */ = {
			isa = XCBuildConfiguration;
			buildSettings = {
				ASSETCATALOG_COMPILER_APPICON_NAME = AppIcon;
				ASSETCATALOG_COMPILER_GLOBAL_ACCENT_COLOR_NAME = AccentColor;
				CODE_SIGN_ENTITLEMENTS = "WatchApp Watch App/WatchApp.entitlements";
				CODE_SIGN_STYLE = Automatic;
				DEVELOPMENT_TEAM = A49777FMJG;
				GENERATE_INFOPLIST_FILE = YES;
				INFOPLIST_KEY_CFBundleDisplayName = NetClaw;
				INFOPLIST_KEY_UISupportedInterfaceOrientations = UIInterfaceOrientationPortrait;
				INFOPLIST_KEY_WKApplication = YES;
				INFOPLIST_KEY_WKCompanionAppBundleIdentifier = ca.automateyournetwork.netclaw.mobile;
				PRODUCT_BUNDLE_IDENTIFIER = ca.automateyournetwork.netclaw.mobile.watchapp;
				PRODUCT_NAME = "$(TARGET_NAME)";
				SDKROOT = watchos;
				SKIP_INSTALL = YES;
				SUPPORTED_PLATFORMS = "watchos watchsimulator";
				SWIFT_VERSION = 5.0;
				TARGETED_DEVICE_FAMILY = 4;
				VALIDATE_PRODUCT = YES;
				WATCHOS_DEPLOYMENT_TARGET = 10.0;
			};
			name = Release;
		};
		97C147031CF9000F007C117D /* Debug */ = {
			isa = XCBuildConfiguration;
			buildSettings = {
				ALWAYS_SEARCH_USER_PATHS = NO;
				ASSETCATALOG_COMPILER_GENERATE_SWIFT_ASSET_SYMBOL_EXTENSIONS = AppIcon;
				CLANG_ANALYZER_NONNULL = YES;
				CLANG_CXX_LANGUAGE_STANDARD = "gnu++0x";
				CLANG_CXX_LIBRARY = "libc++";
				CLANG_ENABLE_MODULES = YES;
				CLANG_ENABLE_OBJC_ARC = YES;
				CLANG_WARN_BLOCK_CAPTURE_AUTORELEASING = YES;
				CLANG_WARN_BOOL_CONVERSION = YES;
				CLANG_WARN_COMMA = YES;
				CLANG_WARN_CONSTANT_CONVERSION = YES;
				CLANG_WARN_DEPRECATED_OBJC_IMPLEMENTATIONS = YES;
				CLANG_WARN_DIRECT_OBJC_ISA_USAGE = YES_ERROR;
				CLANG_WARN_EMPTY_BODY = YES;
				CLANG_WARN_ENUM_CONVERSION = YES;
				CLANG_WARN_INFINITE_RECURSION = YES;
				CLANG_WARN_INT_CONVERSION = YES;
				CLANG_WARN_NON_LITERAL_NULL_CONVERSION = YES;
				CLANG_WARN_OBJC_IMPLICIT_RETAIN_SELF = YES;
				CLANG_WARN_OBJC_LITERAL_CONVERSION = YES;
				CLANG_WARN_OBJC_ROOT_CLASS = YES_ERROR;
				CLANG_WARN_QUOTED_INCLUDE_IN_FRAMEWORK_HEADER = YES;
				CLANG_WARN_RANGE_LOOP_ANALYSIS = YES;
				CLANG_WARN_STRICT_PROTOTYPES = YES;
				CLANG_WARN_SUSPICIOUS_MOVE = YES;
				CLANG_WARN_UNREACHABLE_CODE = YES;
				CLANG_WARN__DUPLICATE_METHOD_MATCH = YES;
				"CODE_SIGN_IDENTITY[sdk=iphoneos*]" = "iPhone Developer";
				COPY_PHASE_STRIP = NO;
				DEBUG_INFORMATION_FORMAT = dwarf;
				ENABLE_STRICT_OBJC_MSGSEND = YES;
				ENABLE_TESTABILITY = YES;
				ENABLE_USER_SCRIPT_SANDBOXING = NO;
				GCC_C_LANGUAGE_STANDARD = gnu99;
				GCC_DYNAMIC_NO_PIC = NO;
				GCC_NO_COMMON_BLOCKS = YES;
				GCC_OPTIMIZATION_LEVEL = 0;
				GCC_PREPROCESSOR_DEFINITIONS = (
					"DEBUG=1",
					"$(inherited)",
				);
				GCC_WARN_64_TO_32_BIT_CONVERSION = YES;
				GCC_WARN_ABOUT_RETURN_TYPE = YES_ERROR;
				GCC_WARN_UNDECLARED_SELECTOR = YES;
				GCC_WARN_UNINITIALIZED_AUTOS = YES_AGGRESSIVE;
				GCC_WARN_UNUSED_FUNCTION = YES;
				GCC_WARN_UNUSED_VARIABLE = YES;
				IPHONEOS_DEPLOYMENT_TARGET = 16.2;
				MTL_ENABLE_DEBUG_INFO = YES;
				ONLY_ACTIVE_ARCH = YES;
				SDKROOT = iphoneos;
				STRING_CATALOG_GENERATE_SYMBOLS = YES;
				TARGETED_DEVICE_FAMILY = "1,2";
			};
			name = Debug;
		};
		97C147041CF9000F007C117D /* Release */ = {
			isa = XCBuildConfiguration;
			buildSettings = {
				ALWAYS_SEARCH_USER_PATHS = NO;
				ASSETCATALOG_COMPILER_GENERATE_SWIFT_ASSET_SYMBOL_EXTENSIONS = AppIcon;
				CLANG_ANALYZER_NONNULL = YES;
				CLANG_CXX_LANGUAGE_STANDARD = "gnu++0x";
				CLANG_CXX_LIBRARY = "libc++";
				CLANG_ENABLE_MODULES = YES;
				CLANG_ENABLE_OBJC_ARC = YES;
				CLANG_WARN_BLOCK_CAPTURE_AUTORELEASING = YES;
				CLANG_WARN_BOOL_CONVERSION = YES;
				CLANG_WARN_COMMA = YES;
				CLANG_WARN_CONSTANT_CONVERSION = YES;
				CLANG_WARN_DEPRECATED_OBJC_IMPLEMENTATIONS = YES;
				CLANG_WARN_DIRECT_OBJC_ISA_USAGE = YES_ERROR;
				CLANG_WARN_EMPTY_BODY = YES;
				CLANG_WARN_ENUM_CONVERSION = YES;
				CLANG_WARN_INFINITE_RECURSION = YES;
				CLANG_WARN_INT_CONVERSION = YES;
				CLANG_WARN_NON_LITERAL_NULL_CONVERSION = YES;
				CLANG_WARN_OBJC_IMPLICIT_RETAIN_SELF = YES;
				CLANG_WARN_OBJC_LITERAL_CONVERSION = YES;
				CLANG_WARN_OBJC_ROOT_CLASS = YES_ERROR;
				CLANG_WARN_QUOTED_INCLUDE_IN_FRAMEWORK_HEADER = YES;
				CLANG_WARN_RANGE_LOOP_ANALYSIS = YES;
				CLANG_WARN_STRICT_PROTOTYPES = YES;
				CLANG_WARN_SUSPICIOUS_MOVE = YES;
				CLANG_WARN_UNREACHABLE_CODE = YES;
				CLANG_WARN__DUPLICATE_METHOD_MATCH = YES;
				"CODE_SIGN_IDENTITY[sdk=iphoneos*]" = "iPhone Developer";
				COPY_PHASE_STRIP = NO;
				DEBUG_INFORMATION_FORMAT = "dwarf-with-dsym";
				ENABLE_NS_ASSERTIONS = NO;
				ENABLE_STRICT_OBJC_MSGSEND = YES;
				ENABLE_USER_SCRIPT_SANDBOXING = NO;
				GCC_C_LANGUAGE_STANDARD = gnu99;
				GCC_NO_COMMON_BLOCKS = YES;
				GCC_WARN_64_TO_32_BIT_CONVERSION = YES;
				GCC_WARN_ABOUT_RETURN_TYPE = YES_ERROR;
				GCC_WARN_UNDECLARED_SELECTOR = YES;
				GCC_WARN_UNINITIALIZED_AUTOS = YES_AGGRESSIVE;
				GCC_WARN_UNUSED_FUNCTION = YES;
				GCC_WARN_UNUSED_VARIABLE = YES;
				IPHONEOS_DEPLOYMENT_TARGET = 16.2;
				MTL_ENABLE_DEBUG_INFO = NO;
				SDKROOT = iphoneos;
				STRING_CATALOG_GENERATE_SYMBOLS = YES;
				SUPPORTED_PLATFORMS = iphoneos;
				SWIFT_COMPILATION_MODE = wholemodule;
				SWIFT_OPTIMIZATION_LEVEL = "-O";
				TARGETED_DEVICE_FAMILY = "1,2";
				VALIDATE_PRODUCT = YES;
			};
			name = Release;
		};
		97C147061CF9000F007C117D /* Debug */ = {
			isa = XCBuildConfiguration;
			baseConfigurationReference = 9740EEB21CF90195004384FC /* Debug.xcconfig */;
			buildSettings = {
				ASSETCATALOG_COMPILER_APPICON_NAME = AppIcon;
				CLANG_ENABLE_MODULES = YES;
				CODE_SIGN_ENTITLEMENTS = Runner/Runner.entitlements;
				CODE_SIGN_IDENTITY = "Apple Development";
				CODE_SIGN_STYLE = Automatic;
				CURRENT_PROJECT_VERSION = "$(FLUTTER_BUILD_NUMBER)";
				DEVELOPMENT_TEAM = A49777FMJG;
				ENABLE_BITCODE = NO;
				INFOPLIST_FILE = Runner/Info.plist;
				LD_RUNPATH_SEARCH_PATHS = (
					"$(inherited)",
					"@executable_path/Frameworks",
				);
				PRODUCT_BUNDLE_IDENTIFIER = ca.automateyournetwork.netclaw.mobile;
				PRODUCT_NAME = "$(TARGET_NAME)";
				PROVISIONING_PROFILE_SPECIFIER = "";
				SWIFT_OBJC_BRIDGING_HEADER = "Runner/Runner-Bridging-Header.h";
				SWIFT_OPTIMIZATION_LEVEL = "-Onone";
				SWIFT_VERSION = 5.0;
				VERSIONING_SYSTEM = "apple-generic";
			};
			name = Debug;
		};
		97C147071CF9000F007C117D /* Release */ = {
			isa = XCBuildConfiguration;
			baseConfigurationReference = 7AFA3C8E1D35360C0083082E /* Release.xcconfig */;
			buildSettings = {
				ASSETCATALOG_COMPILER_APPICON_NAME = AppIcon;
				CLANG_ENABLE_MODULES = YES;
				CODE_SIGN_ENTITLEMENTS = Runner/Runner.entitlements;
				CODE_SIGN_IDENTITY = "Apple Development";
				CODE_SIGN_STYLE = Automatic;
				CURRENT_PROJECT_VERSION = "$(FLUTTER_BUILD_NUMBER)";
				DEVELOPMENT_TEAM = A49777FMJG;
				ENABLE_BITCODE = NO;
				INFOPLIST_FILE = Runner/Info.plist;
				LD_RUNPATH_SEARCH_PATHS = (
					"$(inherited)",
					"@executable_path/Frameworks",
				);
				PRODUCT_BUNDLE_IDENTIFIER = ca.automateyournetwork.netclaw.mobile;
				PRODUCT_NAME = "$(TARGET_NAME)";
				PROVISIONING_PROFILE_SPECIFIER = "";
				SWIFT_OBJC_BRIDGING_HEADER = "Runner/Runner-Bridging-Header.h";
				SWIFT_VERSION = 5.0;
				VERSIONING_SYSTEM = "apple-generic";
			};
			name = Release;
		};
		A623B6F4B7814BE55A7E4062 /* Profile */ = {
			isa = XCBuildConfiguration;
			buildSettings = {
				CODE_SIGN_ENTITLEMENTS = WatchComplication/WatchComplication.entitlements;
				CODE_SIGN_STYLE = Automatic;
				CURRENT_PROJECT_VERSION = 1;
				DEVELOPMENT_TEAM = A49777FMJG;
				INFOPLIST_FILE = WatchComplication/Info.plist;
				LD_RUNPATH_SEARCH_PATHS = (
					"$(inherited)",
					"@executable_path/Frameworks",
					"@executable_path/../../Frameworks",
				);
				MARKETING_VERSION = 1.0.0;
				PRODUCT_BUNDLE_IDENTIFIER = ca.automateyournetwork.netclaw.mobile.watchapp.wcomplication;
				PRODUCT_NAME = "$(TARGET_NAME)";
				SDKROOT = watchos;
				SKIP_INSTALL = YES;
				SUPPORTED_PLATFORMS = "watchos watchsimulator";
				SWIFT_VERSION = 5.0;
				TARGETED_DEVICE_FAMILY = 4;
				WATCHOS_DEPLOYMENT_TARGET = 10.0;
			};
			name = Profile;
		};
		AB40FFB56CF2ECB5E26DE6E6 /* Debug */ = {
			isa = XCBuildConfiguration;
			buildSettings = {
				ASSETCATALOG_COMPILER_APPICON_NAME = AppIcon;
				ASSETCATALOG_COMPILER_GLOBAL_ACCENT_COLOR_NAME = AccentColor;
				CODE_SIGN_ENTITLEMENTS = "WatchApp Watch App/WatchApp.entitlements";
				CODE_SIGN_STYLE = Automatic;
				DEVELOPMENT_TEAM = A49777FMJG;
				GENERATE_INFOPLIST_FILE = YES;
				INFOPLIST_KEY_CFBundleDisplayName = NetClaw;
				INFOPLIST_KEY_UISupportedInterfaceOrientations = UIInterfaceOrientationPortrait;
				INFOPLIST_KEY_WKApplication = YES;
				INFOPLIST_KEY_WKCompanionAppBundleIdentifier = ca.automateyournetwork.netclaw.mobile;
				PRODUCT_BUNDLE_IDENTIFIER = ca.automateyournetwork.netclaw.mobile.watchapp;
				PRODUCT_NAME = "$(TARGET_NAME)";
				SDKROOT = watchos;
				SKIP_INSTALL = YES;
				SUPPORTED_PLATFORMS = "watchos watchsimulator";
				SWIFT_VERSION = 5.0;
				TARGETED_DEVICE_FAMILY = 4;
				WATCHOS_DEPLOYMENT_TARGET = 10.0;
			};
			name = Debug;
		};
		C29FCAF3859FD81461CFADFE /* Release */ = {
			isa = XCBuildConfiguration;
			buildSettings = {
				CODE_SIGN_ENTITLEMENTS = WatchComplication/WatchComplication.entitlements;
				CODE_SIGN_STYLE = Automatic;
				CURRENT_PROJECT_VERSION = 1;
				DEVELOPMENT_TEAM = A49777FMJG;
				INFOPLIST_FILE = WatchComplication/Info.plist;
				LD_RUNPATH_SEARCH_PATHS = (
					"$(inherited)",
					"@executable_path/Frameworks",
					"@executable_path/../../Frameworks",
				);
				MARKETING_VERSION = 1.0.0;
				PRODUCT_BUNDLE_IDENTIFIER = ca.automateyournetwork.netclaw.mobile.watchapp.wcomplication;
				PRODUCT_NAME = "$(TARGET_NAME)";
				SDKROOT = watchos;
				SKIP_INSTALL = YES;
				SUPPORTED_PLATFORMS = "watchos watchsimulator";
				SWIFT_VERSION = 5.0;
				TARGETED_DEVICE_FAMILY = 4;
				WATCHOS_DEPLOYMENT_TARGET = 10.0;
			};
			name = Release;
		};
		E784963236F54C681F3F60D8 /* Profile */ = {
			isa = XCBuildConfiguration;
			buildSettings = {
				CODE_SIGN_STYLE = Automatic;
				CURRENT_PROJECT_VERSION = 1;
				DEVELOPMENT_TEAM = A49777FMJG;
				INFOPLIST_FILE = LiveActivityWidget/Info.plist;
				IPHONEOS_DEPLOYMENT_TARGET = 16.2;
				LD_RUNPATH_SEARCH_PATHS = (
					"$(inherited)",
					"@executable_path/Frameworks",
					"@executable_path/../../Frameworks",
				);
				MARKETING_VERSION = 1.0.0;
				PRODUCT_BUNDLE_IDENTIFIER = ca.automateyournetwork.netclaw.mobile.liveactivitywidget;
				PRODUCT_NAME = "$(TARGET_NAME)";
				SKIP_INSTALL = YES;
				SWIFT_ACTIVE_COMPILATION_CONDITIONS = "$(inherited) IS_EXTENSION_TARGET";
				SWIFT_VERSION = 5.0;
				TARGETED_DEVICE_FAMILY = "1,2";
			};
			name = Profile;
		};
/* End XCBuildConfiguration section */

/* Begin XCConfigurationList section */
		24C4AA975F3FDE5DCD86032B /* Build configuration list for PBXNativeTarget "WatchApp" */ = {
			isa = XCConfigurationList;
			buildConfigurations = (
				9028DE515AC568B1726B0E92 /* Release */,
				AB40FFB56CF2ECB5E26DE6E6 /* Debug */,
				2DE52F50F78FC89D1293B078 /* Profile */,
			);
			defaultConfigurationIsVisible = 0;
			defaultConfigurationName = Release;
		};
		331C8087294A63A400263BE5 /* Build configuration list for PBXNativeTarget "RunnerTests" */ = {
			isa = XCConfigurationList;
			buildConfigurations = (
				331C8088294A63A400263BE5 /* Debug */,
				331C8089294A63A400263BE5 /* Release */,
				331C808A294A63A400263BE5 /* Profile */,
			);
			defaultConfigurationIsVisible = 0;
			defaultConfigurationName = Release;
		};
		86EB396E3030D81700206946 /* Build configuration list for PBXNativeTarget "NetClawWidgetExtension" */ = {
			isa = XCConfigurationList;
			buildConfigurations = (
				86EB396A3030D81700206946 /* Debug */,
				86EB396B3030D81700206946 /* Release */,
				86EB396C3030D81700206946 /* Profile */,
			);
			defaultConfigurationIsVisible = 0;
			defaultConfigurationName = Release;
		};
		97C146E91CF9000F007C117D /* Build configuration list for PBXProject "Runner" */ = {
			isa = XCConfigurationList;
			buildConfigurations = (
				97C147031CF9000F007C117D /* Debug */,
				97C147041CF9000F007C117D /* Release */,
				249021D3217E4FDB00AE95B9 /* Profile */,
			);
			defaultConfigurationIsVisible = 0;
			defaultConfigurationName = Release;
		};
		97C147051CF9000F007C117D /* Build configuration list for PBXNativeTarget "Runner" */ = {
			isa = XCConfigurationList;
			buildConfigurations = (
				97C147061CF9000F007C117D /* Debug */,
				97C147071CF9000F007C117D /* Release */,
				249021D4217E4FDB00AE95B9 /* Profile */,
			);
			defaultConfigurationIsVisible = 0;
			defaultConfigurationName = Release;
		};
		9A79AD3E0F0F9924AE8B1CF8 /* Build configuration list for PBXNativeTarget "LiveActivityWidget" */ = {
			isa = XCConfigurationList;
			buildConfigurations = (
				536158A32F5A46370B9CFE9B /* Debug */,
				67A8C21904028CD59AFCC563 /* Release */,
				E784963236F54C681F3F60D8 /* Profile */,
			);
			defaultConfigurationIsVisible = 0;
			defaultConfigurationName = Release;
		};
		CF525482E2E76F5A477886F6 /* Build configuration list for PBXNativeTarget "WatchComplication" */ = {
			isa = XCConfigurationList;
			buildConfigurations = (
				1E0D1C8A56A99ED9C0A9A65D /* Debug */,
				C29FCAF3859FD81461CFADFE /* Release */,
				A623B6F4B7814BE55A7E4062 /* Profile */,
			);
			defaultConfigurationIsVisible = 0;
			defaultConfigurationName = Release;
		};
/* End XCConfigurationList section */

/* Begin XCLocalSwiftPackageReference section */
		781AD8BC2B33823900A9FFBB /* XCLocalSwiftPackageReference "FlutterGeneratedPluginSwiftPackage" */ = {
			isa = XCLocalSwiftPackageReference;
			relativePath = Flutter/ephemeral/Packages/FlutterGeneratedPluginSwiftPackage;
		};
/* End XCLocalSwiftPackageReference section */

/* Begin XCSwiftPackageProductDependency section */
		78A3181F2AECB46A00862997 /* FlutterGeneratedPluginSwiftPackage */ = {
			isa = XCSwiftPackageProductDependency;
			productName = FlutterGeneratedPluginSwiftPackage;
		};
/* End XCSwiftPackageProductDependency section */
	};
	rootObject = 97C146E61CF9000F007C117D /* Project object */;
}
